
Microsoft Visual Studio Solution File, Format Version 12.00
# Visual Studio Version 16
VisualStudioVersion = 16.0.30804.86
MinimumVisualStudioVersion = 10.0.40219.1
Project("{8BC9CEB8-8B4A-11D0-8D11-00A0C91BC942}") = "App", "App\App.vcxproj", "{7202064E-BC20-477C-9D41-C76527C4756B}"
EndProject
Project("{8BC9CEB8-8B4A-11D0-8D11-00A0C91BC942}") = "src_lib", "src_lib\src_lib.vcxproj", "{CA08C938-2967-40A8-9834-359D5B8009E7}"
EndProject
Project("{8BC9CEB8-8B4A-11D0-8D11-00A0C91BC942}") = "test", "test\test.vcxproj", "{A9B2C5AF-0538-46D3-AC75-473353E7FE6A}"
EndProject
Project("{8BC9CEB8-8B4A-11D0-8D11-00A0C91BC942}") = "tinyxml2", "3rdparty\submodules\tinyxml2\tinyxml2\tinyxml2.vcxproj", "{D1C528B6-AA02-4D29-9D61-DC08E317A70D}"
EndProject
Global
	GlobalSection(SolutionConfigurationPlatforms) = preSolution
		Debug|x64 = Debug|x64
		Debug|x86 = Debug|x86
		Debug-Dll|x64 = Debug-Dll|x64
		Debug-Dll|x86 = Debug-Dll|x86
		Debug-Lib|x64 = Debug-Lib|x64
		Debug-Lib|x86 = Debug-Lib|x86
		Release|x64 = Release|x64
		Release|x86 = Release|x86
		Release-Dll|x64 = Release-Dll|x64
		Release-Dll|x86 = Release-Dll|x86
		Release-Lib|x64 = Release-Lib|x64
		Release-Lib|x86 = Release-Lib|x86
	EndGlobalSection
	GlobalSection(ProjectConfigurationPlatforms) = postSolution
		{7202064E-BC20-477C-9D41-C76527C4756B}.Debug|x64.ActiveCfg = Debug|x64
		{7202064E-BC20-477C-9D41-C76527C4756B}.Debug|x64.Build.0 = Debug|x64
		{7202064E-BC20-477C-9D41-C76527C4756B}.Debug|x86.ActiveCfg = Debug|Win32
		{7202064E-BC20-477C-9D41-C76527C4756B}.Debug|x86.Build.0 = Debug|Win32
		{7202064E-BC20-477C-9D41-C76527C4756B}.Debug-Dll|x64.ActiveCfg = Debug|x64
		{7202064E-BC20-477C-9D41-C76527C4756B}.Debug-Dll|x64.Build.0 = Debug|x64
		{7202064E-BC20-477C-9D41-C76527C4756B}.Debug-Dll|x86.ActiveCfg = Debug|Win32
		{7202064E-BC20-477C-9D41-C76527C4756B}.Debug-Dll|x86.Build.0 = Debug|Win32
		{7202064E-BC20-477C-9D41-C76527C4756B}.Debug-Lib|x64.ActiveCfg = Debug|x64
		{7202064E-BC20-477C-9D41-C76527C4756B}.Debug-Lib|x64.Build.0 = Debug|x64
		{7202064E-BC20-477C-9D41-C76527C4756B}.Debug-Lib|x86.ActiveCfg = Debug|Win32
		{7202064E-BC20-477C-9D41-C76527C4756B}.Debug-Lib|x86.Build.0 = Debug|Win32
		{7202064E-BC20-477C-9D41-C76527C4756B}.Release|x64.ActiveCfg = Release|x64
		{7202064E-BC20-477C-9D41-C76527C4756B}.Release|x64.Build.0 = Release|x64
		{7202064E-BC20-477C-9D41-C76527C4756B}.Release|x86.ActiveCfg = Release|Win32
		{7202064E-BC20-477C-9D41-C76527C4756B}.Release|x86.Build.0 = Release|Win32
		{7202064E-BC20-477C-9D41-C76527C4756B}.Release-Dll|x64.ActiveCfg = Release|x64
		{7202064E-BC20-477C-9D41-C76527C4756B}.Release-Dll|x64.Build.0 = Release|x64
		{7202064E-BC20-477C-9D41-C76527C4756B}.Release-Dll|x86.ActiveCfg = Release|Win32
		{7202064E-BC20-477C-9D41-C76527C4756B}.Release-Dll|x86.Build.0 = Release|Win32
		{7202064E-BC20-477C-9D41-C76527C4756B}.Release-Lib|x64.ActiveCfg = Release|x64
		{7202064E-BC20-477C-9D41-C76527C4756B}.Release-Lib|x64.Build.0 = Release|x64
		{7202064E-BC20-477C-9D41-C76527C4756B}.Release-Lib|x86.ActiveCfg = Release|Win32
		{7202064E-BC20-477C-9D41-C76527C4756B}.Release-Lib|x86.Build.0 = Release|Win32
		{CA08C938-2967-40A8-9834-359D5B8009E7}.Debug|x64.ActiveCfg = Debug|x64
		{CA08C938-2967-40A8-9834-359D5B8009E7}.Debug|x64.Build.0 = Debug|x64
		{CA08C938-2967-40A8-9834-359D5B8009E7}.Debug|x86.ActiveCfg = Debug|Win32
		{CA08C938-2967-40A8-9834-359D5B8009E7}.Debug|x86.Build.0 = Debug|Win32
		{CA08C938-2967-40A8-9834-359D5B8009E7}.Debug-Dll|x64.ActiveCfg = Debug|x64
		{CA08C938-2967-40A8-9834-359D5B8009E7}.Debug-Dll|x64.Build.0 = Debug|x64
		{CA08C938-2967-40A8-9834-359D5B8009E7}.Debug-Dll|x86.ActiveCfg = Debug|Win32
		{CA08C938-2967-40A8-9834-359D5B8009E7}.Debug-Dll|x86.Build.0 = Debug|Win32
		{CA08C938-2967-40A8-9834-359D5B8009E7}.Debug-Lib|x64.ActiveCfg = Debug|x64
		{CA08C938-2967-40A8-9834-359D5B8009E7}.Debug-Lib|x64.Build.0 = Debug|x64
		{CA08C938-2967-40A8-9834-359D5B8009E7}.Debug-Lib|x86.ActiveCfg = Debug|Win32
		{CA08C938-2967-40A8-9834-359D5B8009E7}.Debug-Lib|x86.Build.0 = Debug|Win32
		{CA08C938-2967-40A8-9834-359D5B8009E7}.Release|x64.ActiveCfg = Release|x64
		{CA08C938-2967-40A8-9834-359D5B8009E7}.Release|x64.Build.0 = Release|x64
		{CA08C938-2967-40A8-9834-359D5B8009E7}.Release|x86.ActiveCfg = Release|Win32
		{CA08C938-2967-40A8-9834-359D5B8009E7}.Release|x86.Build.0 = Release|Win32
		{CA08C938-2967-40A8-9834-359D5B8009E7}.Release-Dll|x64.ActiveCfg = Release|x64
		{CA08C938-2967-40A8-9834-359D5B8009E7}.Release-Dll|x64.Build.0 = Release|x64
		{CA08C938-2967-40A8-9834-359D5B8009E7}.Release-Dll|x86.ActiveCfg = Release|Win32
		{CA08C938-2967-40A8-9834-359D5B8009E7}.Release-Dll|x86.Build.0 = Release|Win32
		{CA08C938-2967-40A8-9834-359D5B8009E7}.Release-Lib|x64.ActiveCfg = Release|x64
		{CA08C938-2967-40A8-9834-359D5B8009E7}.Release-Lib|x64.Build.0 = Release|x64
		{CA08C938-2967-40A8-9834-359D5B8009E7}.Release-Lib|x86.ActiveCfg = Release|Win32
		{CA08C938-2967-40A8-9834-359D5B8009E7}.Release-Lib|x86.Build.0 = Release|Win32
		{A9B2C5AF-0538-46D3-AC75-473353E7FE6A}.Debug|x64.ActiveCfg = Debug|x64
		{A9B2C5AF-0538-46D3-AC75-473353E7FE6A}.Debug|x64.Build.0 = Debug|x64
		{A9B2C5AF-0538-46D3-AC75-473353E7FE6A}.Debug|x86.ActiveCfg = Debug|Win32
		{A9B2C5AF-0538-46D3-AC75-473353E7FE6A}.Debug|x86.Build.0 = Debug|Win32
		{A9B2C5AF-0538-46D3-AC75-473353E7FE6A}.Debug-Dll|x64.ActiveCfg = Debug|x64
		{A9B2C5AF-0538-46D3-AC75-473353E7FE6A}.Debug-Dll|x64.Build.0 = Debug|x64
		{A9B2C5AF-0538-46D3-AC75-473353E7FE6A}.Debug-Dll|x86.ActiveCfg = Debug|Win32
		{A9B2C5AF-0538-46D3-AC75-473353E7FE6A}.Debug-Dll|x86.Build.0 = Debug|Win32
		{A9B2C5AF-0538-46D3-AC75-473353E7FE6A}.Debug-Lib|x64.ActiveCfg = Debug|x64
		{A9B2C5AF-0538-46D3-AC75-473353E7FE6A}.Debug-Lib|x64.Build.0 = Debug|x64
		{A9B2C5AF-0538-46D3-AC75-473353E7FE6A}.Debug-Lib|x86.ActiveCfg = Debug|Win32
		{A9B2C5AF-0538-46D3-AC75-473353E7FE6A}.Debug-Lib|x86.Build.0 = Debug|Win32
		{A9B2C5AF-0538-46D3-AC75-473353E7FE6A}.Release|x64.ActiveCfg = Release|x64
		{A9B2C5AF-0538-46D3-AC75-473353E7FE6A}.Release|x64.Build.0 = Release|x64
		{A9B2C5AF-0538-46D3-AC75-473353E7FE6A}.Release|x86.ActiveCfg = Release|Win32
		{A9B2C5AF-0538-46D3-AC75-473353E7FE6A}.Release|x86.Build.0 = Release|Win32
		{A9B2C5AF-0538-46D3-AC75-473353E7FE6A}.Release-Dll|x64.ActiveCfg = Release|x64
		{A9B2C5AF-0538-46D3-AC75-473353E7FE6A}.Release-Dll|x64.Build.0 = Release|x64
		{A9B2C5AF-0538-46D3-AC75-473353E7FE6A}.Release-Dll|x86.ActiveCfg = Release|Win32
		{A9B2C5AF-0538-46D3-AC75-473353E7FE6A}.Release-Dll|x86.Build.0 = Release|Win32
		{A9B2C5AF-0538-46D3-AC75-473353E7FE6A}.Release-Lib|x64.ActiveCfg = Release|x64
		{A9B2C5AF-0538-46D3-AC75-473353E7FE6A}.Release-Lib|x64.Build.0 = Release|x64
		{A9B2C5AF-0538-46D3-AC75-473353E7FE6A}.Release-Lib|x86.ActiveCfg = Release|Win32
		{A9B2C5AF-0538-46D3-AC75-473353E7FE6A}.Release-Lib|x86.Build.0 = Release|Win32
		{D1C528B6-AA02-4D29-9D61-DC08E317A70D}.Debug|x64.ActiveCfg = Debug-Lib|x64
		{D1C528B6-AA02-4D29-9D61-DC08E317A70D}.Debug|x64.Build.0 = Debug-Lib|x64
		{D1C528B6-AA02-4D29-9D61-DC08E317A70D}.Debug|x86.ActiveCfg = Debug-Lib|Win32
		{D1C528B6-AA02-4D29-9D61-DC08E317A70D}.Debug|x86.Build.0 = Debug-Lib|Win32
		{D1C528B6-AA02-4D29-9D61-DC08E317A70D}.Debug-Dll|x64.ActiveCfg = Debug-Dll|x64
		{D1C528B6-AA02-4D29-9D61-DC08E317A70D}.Debug-Dll|x64.Build.0 = Debug-Dll|x64
		{D1C528B6-AA02-4D29-9D61-DC08E317A70D}.Debug-Dll|x86.ActiveCfg = Debug-Dll|Win32
		{D1C528B6-AA02-4D29-9D61-DC08E317A70D}.Debug-Dll|x86.Build.0 = Debug-Dll|Win32
		{D1C528B6-AA02-4D29-9D61-DC08E317A70D}.Debug-Lib|x64.ActiveCfg = Debug-Lib|x64
		{D1C528B6-AA02-4D29-9D61-DC08E317A70D}.Debug-Lib|x64.Build.0 = Debug-Lib|x64
		{D1C528B6-AA02-4D29-9D61-DC08E317A70D}.Debug-Lib|x86.ActiveCfg = Debug-Lib|Win32
		{D1C528B6-AA02-4D29-9D61-DC08E317A70D}.Debug-Lib|x86.Build.0 = Debug-Lib|Win32
		{D1C528B6-AA02-4D29-9D61-DC08E317A70D}.Release|x64.ActiveCfg = Release-Dll|x64
		{D1C528B6-AA02-4D29-9D61-DC08E317A70D}.Release|x64.Build.0 = Release-Dll|x64
		{D1C528B6-AA02-4D29-9D61-DC08E317A70D}.Release|x86.ActiveCfg = Release-Dll|Win32
		{D1C528B6-AA02-4D29-9D61-DC08E317A70D}.Release|x86.Build.0 = Release-Dll|Win32
		{D1C528B6-AA02-4D29-9D61-DC08E317A70D}.Release-Dll|x64.ActiveCfg = Release-Dll|x64
		{D1C528B6-AA02-4D29-9D61-DC08E317A70D}.Release-Dll|x64.Build.0 = Release-Dll|x64
		{D1C528B6-AA02-4D29-9D61-DC08E317A70D}.Release-Dll|x86.ActiveCfg = Release-Dll|Win32
		{D1C528B6-AA02-4D29-9D61-DC08E317A70D}.Release-Dll|x86.Build.0 = Release-Dll|Win32
		{D1C528B6-AA02-4D29-9D61-DC08E317A70D}.Release-Lib|x64.ActiveCfg = Release-Lib|x64
		{D1C528B6-AA02-4D29-9D61-DC08E317A70D}.Release-Lib|x64.Build.0 = Release-Lib|x64
		{D1C528B6-AA02-4D29-9D61-DC08E317A70D}.Release-Lib|x86.ActiveCfg = Release-Lib|Win32
		{D1C528B6-AA02-4D29-9D61-DC08E317A70D}.Release-Lib|x86.Build.0 = Release-Lib|Win32
	EndGlobalSection
	GlobalSection(SolutionProperties) = preSolution
		HideSolutionNode = FALSE
	EndGlobalSection
	GlobalSection(ExtensibilityGlobals) = postSolution
		SolutionGuid = {53D5C6C2-D398-4C17-A5DC-AB01B7C576BC}
	EndGlobalSection
EndGlobal
