
Microsoft Visual Studio Solution File, Format Version 12.00
# Visual Studio Version 16
VisualStudioVersion = 16.0.30804.86
MinimumVisualStudioVersion = 10.0.40219.1
Project("{8BC9CEB8-8B4A-11D0-8D11-00A0C91BC942}") = "App", "App\App.vcxproj", "{7202064E-BC20-477C-9D41-C76527C4756B}"
	ProjectSection(ProjectDependencies) = postProject
		{28493CC5-4774-40E3-8E2B-973209705419} = {28493CC5-4774-40E3-8E2B-973209705419}
		{FC8641F9-67F5-474B-9296-F5CF069D6F6D} = {FC8641F9-67F5-474B-9296-F5CF069D6F6D}
	EndProjectSection
EndProject
Project("{8BC9CEB8-8B4A-11D0-8D11-00A0C91BC942}") = "src_lib", "src_lib\src_lib.vcxproj", "{CA08C938-2967-40A8-9834-359D5B8009E7}"
	ProjectSection(ProjectDependencies) = postProject
		{28493CC5-4774-40E3-8E2B-973209705419} = {28493CC5-4774-40E3-8E2B-973209705419}
		{FC8641F9-67F5-474B-9296-F5CF069D6F6D} = {FC8641F9-67F5-474B-9296-F5CF069D6F6D}
	EndProjectSection
EndProject
Project("{8BC9CEB8-8B4A-11D0-8D11-00A0C91BC942}") = "tinyxml2", "3rdparty\submodules\tinyxml2\tinyxml2\tinyxml2.vcxproj", "{D1C528B6-AA02-4D29-9D61-DC08E317A70D}"
EndProject
Project("{8BC9CEB8-8B4A-11D0-8D11-00A0C91BC942}") = "logging", "logging\logging.vcxproj", "{28493CC5-4774-40E3-8E2B-973209705419}"
EndProject
Project("{8BC9CEB8-8B4A-11D0-8D11-00A0C91BC942}") = "util", "util\util.vcxproj", "{FC8641F9-67F5-474B-9296-F5CF069D6F6D}"
EndProject
Project("{8BC9CEB8-8B4A-11D0-8D11-00A0C91BC942}") = "tile", "tile\tile.vcxproj", "{B998D8BA-9C74-429F-A576-5EE6C6E8CCB6}"
EndProject
Project("{8BC9CEB8-8B4A-11D0-8D11-00A0C91BC942}") = "tile_test", "tile_test\tile_test.vcxproj", "{D73AC684-AA40-42CB-825F-7CA3045AA023}"
EndProject
Project("{8BC9CEB8-8B4A-11D0-8D11-00A0C91BC942}") = "util_test", "util_test\util_test.vcxproj", "{1FBB26B4-BE1D-4C0D-B271-85B1E97F3C3D}"
EndProject
Global
	GlobalSection(SolutionConfigurationPlatforms) = preSolution
		Debug|x64 = Debug|x64
		Debug|x86 = Debug|x86
		Debug-Dll|x64 = Debug-Dll|x64
		Debug-Dll|x86 = Debug-Dll|x86
		Debug-Lib|x64 = Debug-Lib|x64
		Debug-Lib|x86 = Debug-Lib|x86
		Release|x64 = Release|x64
		Release|x86 = Release|x86
		Release-Dll|x64 = Release-Dll|x64
		Release-Dll|x86 = Release-Dll|x86
		Release-Install|x64 = Release-Install|x64
		Release-Install|x86 = Release-Install|x86
		Release-Lib|x64 = Release-Lib|x64
		Release-Lib|x86 = Release-Lib|x86
	EndGlobalSection
	GlobalSection(ProjectConfigurationPlatforms) = postSolution
		{7202064E-BC20-477C-9D41-C76527C4756B}.Debug|x64.ActiveCfg = Debug|x64
		{7202064E-BC20-477C-9D41-C76527C4756B}.Debug|x64.Build.0 = Debug|x64
		{7202064E-BC20-477C-9D41-C76527C4756B}.Debug|x86.ActiveCfg = Debug|Win32
		{7202064E-BC20-477C-9D41-C76527C4756B}.Debug|x86.Build.0 = Debug|Win32
		{7202064E-BC20-477C-9D41-C76527C4756B}.Debug-Dll|x64.ActiveCfg = Debug|x64
		{7202064E-BC20-477C-9D41-C76527C4756B}.Debug-Dll|x64.Build.0 = Debug|x64
		{7202064E-BC20-477C-9D41-C76527C4756B}.Debug-Dll|x86.ActiveCfg = Debug|Win32
		{7202064E-BC20-477C-9D41-C76527C4756B}.Debug-Dll|x86.Build.0 = Debug|Win32
		{7202064E-BC20-477C-9D41-C76527C4756B}.Debug-Lib|x64.ActiveCfg = Debug|x64
		{7202064E-BC20-477C-9D41-C76527C4756B}.Debug-Lib|x64.Build.0 = Debug|x64
		{7202064E-BC20-477C-9D41-C76527C4756B}.Debug-Lib|x86.ActiveCfg = Debug|Win32
		{7202064E-BC20-477C-9D41-C76527C4756B}.Debug-Lib|x86.Build.0 = Debug|Win32
		{7202064E-BC20-477C-9D41-C76527C4756B}.Release|x64.ActiveCfg = Release|x64
		{7202064E-BC20-477C-9D41-C76527C4756B}.Release|x64.Build.0 = Release|x64
		{7202064E-BC20-477C-9D41-C76527C4756B}.Release|x86.ActiveCfg = Release|Win32
		{7202064E-BC20-477C-9D41-C76527C4756B}.Release|x86.Build.0 = Release|Win32
		{7202064E-BC20-477C-9D41-C76527C4756B}.Release-Dll|x64.ActiveCfg = Release|x64
		{7202064E-BC20-477C-9D41-C76527C4756B}.Release-Dll|x64.Build.0 = Release|x64
		{7202064E-BC20-477C-9D41-C76527C4756B}.Release-Dll|x86.ActiveCfg = Release|Win32
		{7202064E-BC20-477C-9D41-C76527C4756B}.Release-Dll|x86.Build.0 = Release|Win32
		{7202064E-BC20-477C-9D41-C76527C4756B}.Release-Install|x64.ActiveCfg = Release|x64
		{7202064E-BC20-477C-9D41-C76527C4756B}.Release-Install|x64.Build.0 = Release|x64
		{7202064E-BC20-477C-9D41-C76527C4756B}.Release-Install|x86.ActiveCfg = Release|Win32
		{7202064E-BC20-477C-9D41-C76527C4756B}.Release-Install|x86.Build.0 = Release|Win32
		{7202064E-BC20-477C-9D41-C76527C4756B}.Release-Lib|x64.ActiveCfg = Release|x64
		{7202064E-BC20-477C-9D41-C76527C4756B}.Release-Lib|x64.Build.0 = Release|x64
		{7202064E-BC20-477C-9D41-C76527C4756B}.Release-Lib|x86.ActiveCfg = Release|Win32
		{7202064E-BC20-477C-9D41-C76527C4756B}.Release-Lib|x86.Build.0 = Release|Win32
		{CA08C938-2967-40A8-9834-359D5B8009E7}.Debug|x64.ActiveCfg = Debug|x64
		{CA08C938-2967-40A8-9834-359D5B8009E7}.Debug|x64.Build.0 = Debug|x64
		{CA08C938-2967-40A8-9834-359D5B8009E7}.Debug|x86.ActiveCfg = Debug|Win32
		{CA08C938-2967-40A8-9834-359D5B8009E7}.Debug|x86.Build.0 = Debug|Win32
		{CA08C938-2967-40A8-9834-359D5B8009E7}.Debug-Dll|x64.ActiveCfg = Debug|x64
		{CA08C938-2967-40A8-9834-359D5B8009E7}.Debug-Dll|x64.Build.0 = Debug|x64
		{CA08C938-2967-40A8-9834-359D5B8009E7}.Debug-Dll|x86.ActiveCfg = Debug|Win32
		{CA08C938-2967-40A8-9834-359D5B8009E7}.Debug-Dll|x86.Build.0 = Debug|Win32
		{CA08C938-2967-40A8-9834-359D5B8009E7}.Debug-Lib|x64.ActiveCfg = Debug|x64
		{CA08C938-2967-40A8-9834-359D5B8009E7}.Debug-Lib|x64.Build.0 = Debug|x64
		{CA08C938-2967-40A8-9834-359D5B8009E7}.Debug-Lib|x86.ActiveCfg = Debug|Win32
		{CA08C938-2967-40A8-9834-359D5B8009E7}.Debug-Lib|x86.Build.0 = Debug|Win32
		{CA08C938-2967-40A8-9834-359D5B8009E7}.Release|x64.ActiveCfg = Release|x64
		{CA08C938-2967-40A8-9834-359D5B8009E7}.Release|x64.Build.0 = Release|x64
		{CA08C938-2967-40A8-9834-359D5B8009E7}.Release|x86.ActiveCfg = Release|Win32
		{CA08C938-2967-40A8-9834-359D5B8009E7}.Release|x86.Build.0 = Release|Win32
		{CA08C938-2967-40A8-9834-359D5B8009E7}.Release-Dll|x64.ActiveCfg = Release|x64
		{CA08C938-2967-40A8-9834-359D5B8009E7}.Release-Dll|x64.Build.0 = Release|x64
		{CA08C938-2967-40A8-9834-359D5B8009E7}.Release-Dll|x86.ActiveCfg = Release|Win32
		{CA08C938-2967-40A8-9834-359D5B8009E7}.Release-Dll|x86.Build.0 = Release|Win32
		{CA08C938-2967-40A8-9834-359D5B8009E7}.Release-Install|x64.ActiveCfg = Release|x64
		{CA08C938-2967-40A8-9834-359D5B8009E7}.Release-Install|x64.Build.0 = Release|x64
		{CA08C938-2967-40A8-9834-359D5B8009E7}.Release-Install|x86.ActiveCfg = Release-Install|Win32
		{CA08C938-2967-40A8-9834-359D5B8009E7}.Release-Install|x86.Build.0 = Release-Install|Win32
		{CA08C938-2967-40A8-9834-359D5B8009E7}.Release-Lib|x64.ActiveCfg = Release|x64
		{CA08C938-2967-40A8-9834-359D5B8009E7}.Release-Lib|x64.Build.0 = Release|x64
		{CA08C938-2967-40A8-9834-359D5B8009E7}.Release-Lib|x86.ActiveCfg = Release|Win32
		{CA08C938-2967-40A8-9834-359D5B8009E7}.Release-Lib|x86.Build.0 = Release|Win32
		{D1C528B6-AA02-4D29-9D61-DC08E317A70D}.Debug|x64.ActiveCfg = Debug-Lib|x64
		{D1C528B6-AA02-4D29-9D61-DC08E317A70D}.Debug|x64.Build.0 = Debug-Lib|x64
		{D1C528B6-AA02-4D29-9D61-DC08E317A70D}.Debug|x86.ActiveCfg = Debug-Dll|Win32
		{D1C528B6-AA02-4D29-9D61-DC08E317A70D}.Debug|x86.Build.0 = Debug-Dll|Win32
		{D1C528B6-AA02-4D29-9D61-DC08E317A70D}.Debug-Dll|x64.ActiveCfg = Debug-Dll|x64
		{D1C528B6-AA02-4D29-9D61-DC08E317A70D}.Debug-Dll|x64.Build.0 = Debug-Dll|x64
		{D1C528B6-AA02-4D29-9D61-DC08E317A70D}.Debug-Dll|x86.ActiveCfg = Debug-Dll|Win32
		{D1C528B6-AA02-4D29-9D61-DC08E317A70D}.Debug-Dll|x86.Build.0 = Debug-Dll|Win32
		{D1C528B6-AA02-4D29-9D61-DC08E317A70D}.Debug-Lib|x64.ActiveCfg = Debug-Lib|x64
		{D1C528B6-AA02-4D29-9D61-DC08E317A70D}.Debug-Lib|x64.Build.0 = Debug-Lib|x64
		{D1C528B6-AA02-4D29-9D61-DC08E317A70D}.Debug-Lib|x86.ActiveCfg = Debug-Lib|Win32
		{D1C528B6-AA02-4D29-9D61-DC08E317A70D}.Debug-Lib|x86.Build.0 = Debug-Lib|Win32
		{D1C528B6-AA02-4D29-9D61-DC08E317A70D}.Release|x64.ActiveCfg = Release-Dll|x64
		{D1C528B6-AA02-4D29-9D61-DC08E317A70D}.Release|x64.Build.0 = Release-Dll|x64
		{D1C528B6-AA02-4D29-9D61-DC08E317A70D}.Release|x86.ActiveCfg = Release-Dll|Win32
		{D1C528B6-AA02-4D29-9D61-DC08E317A70D}.Release|x86.Build.0 = Release-Dll|Win32
		{D1C528B6-AA02-4D29-9D61-DC08E317A70D}.Release-Dll|x64.ActiveCfg = Release-Dll|x64
		{D1C528B6-AA02-4D29-9D61-DC08E317A70D}.Release-Dll|x64.Build.0 = Release-Dll|x64
		{D1C528B6-AA02-4D29-9D61-DC08E317A70D}.Release-Dll|x86.ActiveCfg = Release-Dll|Win32
		{D1C528B6-AA02-4D29-9D61-DC08E317A70D}.Release-Dll|x86.Build.0 = Release-Dll|Win32
		{D1C528B6-AA02-4D29-9D61-DC08E317A70D}.Release-Install|x64.ActiveCfg = Release-Dll|x64
		{D1C528B6-AA02-4D29-9D61-DC08E317A70D}.Release-Install|x64.Build.0 = Release-Dll|x64
		{D1C528B6-AA02-4D29-9D61-DC08E317A70D}.Release-Install|x86.ActiveCfg = Release-Dll|Win32
		{D1C528B6-AA02-4D29-9D61-DC08E317A70D}.Release-Install|x86.Build.0 = Release-Dll|Win32
		{D1C528B6-AA02-4D29-9D61-DC08E317A70D}.Release-Lib|x64.ActiveCfg = Release-Lib|x64
		{D1C528B6-AA02-4D29-9D61-DC08E317A70D}.Release-Lib|x64.Build.0 = Release-Lib|x64
		{D1C528B6-AA02-4D29-9D61-DC08E317A70D}.Release-Lib|x86.ActiveCfg = Release-Lib|Win32
		{D1C528B6-AA02-4D29-9D61-DC08E317A70D}.Release-Lib|x86.Build.0 = Release-Lib|Win32
		{28493CC5-4774-40E3-8E2B-973209705419}.Debug|x64.ActiveCfg = Debug|x64
		{28493CC5-4774-40E3-8E2B-973209705419}.Debug|x64.Build.0 = Debug|x64
		{28493CC5-4774-40E3-8E2B-973209705419}.Debug|x86.ActiveCfg = Debug|Win32
		{28493CC5-4774-40E3-8E2B-973209705419}.Debug|x86.Build.0 = Debug|Win32
		{28493CC5-4774-40E3-8E2B-973209705419}.Debug-Dll|x64.ActiveCfg = Debug|x64
		{28493CC5-4774-40E3-8E2B-973209705419}.Debug-Dll|x64.Build.0 = Debug|x64
		{28493CC5-4774-40E3-8E2B-973209705419}.Debug-Dll|x86.ActiveCfg = Debug|Win32
		{28493CC5-4774-40E3-8E2B-973209705419}.Debug-Dll|x86.Build.0 = Debug|Win32
		{28493CC5-4774-40E3-8E2B-973209705419}.Debug-Lib|x64.ActiveCfg = Debug|x64
		{28493CC5-4774-40E3-8E2B-973209705419}.Debug-Lib|x64.Build.0 = Debug|x64
		{28493CC5-4774-40E3-8E2B-973209705419}.Debug-Lib|x86.ActiveCfg = Debug|Win32
		{28493CC5-4774-40E3-8E2B-973209705419}.Debug-Lib|x86.Build.0 = Debug|Win32
		{28493CC5-4774-40E3-8E2B-973209705419}.Release|x64.ActiveCfg = Release|x64
		{28493CC5-4774-40E3-8E2B-973209705419}.Release|x64.Build.0 = Release|x64
		{28493CC5-4774-40E3-8E2B-973209705419}.Release|x86.ActiveCfg = Release|Win32
		{28493CC5-4774-40E3-8E2B-973209705419}.Release|x86.Build.0 = Release|Win32
		{28493CC5-4774-40E3-8E2B-973209705419}.Release-Dll|x64.ActiveCfg = Release|x64
		{28493CC5-4774-40E3-8E2B-973209705419}.Release-Dll|x64.Build.0 = Release|x64
		{28493CC5-4774-40E3-8E2B-973209705419}.Release-Dll|x86.ActiveCfg = Release|Win32
		{28493CC5-4774-40E3-8E2B-973209705419}.Release-Dll|x86.Build.0 = Release|Win32
		{28493CC5-4774-40E3-8E2B-973209705419}.Release-Install|x64.ActiveCfg = Release|x64
		{28493CC5-4774-40E3-8E2B-973209705419}.Release-Install|x64.Build.0 = Release|x64
		{28493CC5-4774-40E3-8E2B-973209705419}.Release-Install|x86.ActiveCfg = Release|Win32
		{28493CC5-4774-40E3-8E2B-973209705419}.Release-Install|x86.Build.0 = Release|Win32
		{28493CC5-4774-40E3-8E2B-973209705419}.Release-Lib|x64.ActiveCfg = Release|x64
		{28493CC5-4774-40E3-8E2B-973209705419}.Release-Lib|x64.Build.0 = Release|x64
		{28493CC5-4774-40E3-8E2B-973209705419}.Release-Lib|x86.ActiveCfg = Release|Win32
		{28493CC5-4774-40E3-8E2B-973209705419}.Release-Lib|x86.Build.0 = Release|Win32
		{FC8641F9-67F5-474B-9296-F5CF069D6F6D}.Debug|x64.ActiveCfg = Debug|x64
		{FC8641F9-67F5-474B-9296-F5CF069D6F6D}.Debug|x64.Build.0 = Debug|x64
		{FC8641F9-67F5-474B-9296-F5CF069D6F6D}.Debug|x86.ActiveCfg = Debug|Win32
		{FC8641F9-67F5-474B-9296-F5CF069D6F6D}.Debug|x86.Build.0 = Debug|Win32
		{FC8641F9-67F5-474B-9296-F5CF069D6F6D}.Debug-Dll|x64.ActiveCfg = Debug|x64
		{FC8641F9-67F5-474B-9296-F5CF069D6F6D}.Debug-Dll|x64.Build.0 = Debug|x64
		{FC8641F9-67F5-474B-9296-F5CF069D6F6D}.Debug-Dll|x86.ActiveCfg = Debug|Win32
		{FC8641F9-67F5-474B-9296-F5CF069D6F6D}.Debug-Dll|x86.Build.0 = Debug|Win32
		{FC8641F9-67F5-474B-9296-F5CF069D6F6D}.Debug-Lib|x64.ActiveCfg = Debug|x64
		{FC8641F9-67F5-474B-9296-F5CF069D6F6D}.Debug-Lib|x64.Build.0 = Debug|x64
		{FC8641F9-67F5-474B-9296-F5CF069D6F6D}.Debug-Lib|x86.ActiveCfg = Debug|Win32
		{FC8641F9-67F5-474B-9296-F5CF069D6F6D}.Debug-Lib|x86.Build.0 = Debug|Win32
		{FC8641F9-67F5-474B-9296-F5CF069D6F6D}.Release|x64.ActiveCfg = Release|x64
		{FC8641F9-67F5-474B-9296-F5CF069D6F6D}.Release|x64.Build.0 = Release|x64
		{FC8641F9-67F5-474B-9296-F5CF069D6F6D}.Release|x86.ActiveCfg = Release|Win32
		{FC8641F9-67F5-474B-9296-F5CF069D6F6D}.Release|x86.Build.0 = Release|Win32
		{FC8641F9-67F5-474B-9296-F5CF069D6F6D}.Release-Dll|x64.ActiveCfg = Release|x64
		{FC8641F9-67F5-474B-9296-F5CF069D6F6D}.Release-Dll|x64.Build.0 = Release|x64
		{FC8641F9-67F5-474B-9296-F5CF069D6F6D}.Release-Dll|x86.ActiveCfg = Release|Win32
		{FC8641F9-67F5-474B-9296-F5CF069D6F6D}.Release-Dll|x86.Build.0 = Release|Win32
		{FC8641F9-67F5-474B-9296-F5CF069D6F6D}.Release-Install|x64.ActiveCfg = Release|x64
		{FC8641F9-67F5-474B-9296-F5CF069D6F6D}.Release-Install|x64.Build.0 = Release|x64
		{FC8641F9-67F5-474B-9296-F5CF069D6F6D}.Release-Install|x86.ActiveCfg = Release|Win32
		{FC8641F9-67F5-474B-9296-F5CF069D6F6D}.Release-Install|x86.Build.0 = Release|Win32
		{FC8641F9-67F5-474B-9296-F5CF069D6F6D}.Release-Lib|x64.ActiveCfg = Release|x64
		{FC8641F9-67F5-474B-9296-F5CF069D6F6D}.Release-Lib|x64.Build.0 = Release|x64
		{FC8641F9-67F5-474B-9296-F5CF069D6F6D}.Release-Lib|x86.ActiveCfg = Release|Win32
		{FC8641F9-67F5-474B-9296-F5CF069D6F6D}.Release-Lib|x86.Build.0 = Release|Win32
		{B998D8BA-9C74-429F-A576-5EE6C6E8CCB6}.Debug|x64.ActiveCfg = Debug|x64
		{B998D8BA-9C74-429F-A576-5EE6C6E8CCB6}.Debug|x64.Build.0 = Debug|x64
		{B998D8BA-9C74-429F-A576-5EE6C6E8CCB6}.Debug|x86.ActiveCfg = Debug|Win32
		{B998D8BA-9C74-429F-A576-5EE6C6E8CCB6}.Debug|x86.Build.0 = Debug|Win32
		{B998D8BA-9C74-429F-A576-5EE6C6E8CCB6}.Debug-Dll|x64.ActiveCfg = Debug|x64
		{B998D8BA-9C74-429F-A576-5EE6C6E8CCB6}.Debug-Dll|x64.Build.0 = Debug|x64
		{B998D8BA-9C74-429F-A576-5EE6C6E8CCB6}.Debug-Dll|x86.ActiveCfg = Debug|Win32
		{B998D8BA-9C74-429F-A576-5EE6C6E8CCB6}.Debug-Dll|x86.Build.0 = Debug|Win32
		{B998D8BA-9C74-429F-A576-5EE6C6E8CCB6}.Debug-Lib|x64.ActiveCfg = Debug|x64
		{B998D8BA-9C74-429F-A576-5EE6C6E8CCB6}.Debug-Lib|x64.Build.0 = Debug|x64
		{B998D8BA-9C74-429F-A576-5EE6C6E8CCB6}.Debug-Lib|x86.ActiveCfg = Debug|Win32
		{B998D8BA-9C74-429F-A576-5EE6C6E8CCB6}.Debug-Lib|x86.Build.0 = Debug|Win32
		{B998D8BA-9C74-429F-A576-5EE6C6E8CCB6}.Release|x64.ActiveCfg = Release|x64
		{B998D8BA-9C74-429F-A576-5EE6C6E8CCB6}.Release|x64.Build.0 = Release|x64
		{B998D8BA-9C74-429F-A576-5EE6C6E8CCB6}.Release|x86.ActiveCfg = Release|Win32
		{B998D8BA-9C74-429F-A576-5EE6C6E8CCB6}.Release|x86.Build.0 = Release|Win32
		{B998D8BA-9C74-429F-A576-5EE6C6E8CCB6}.Release-Dll|x64.ActiveCfg = Release|x64
		{B998D8BA-9C74-429F-A576-5EE6C6E8CCB6}.Release-Dll|x64.Build.0 = Release|x64
		{B998D8BA-9C74-429F-A576-5EE6C6E8CCB6}.Release-Dll|x86.ActiveCfg = Release|Win32
		{B998D8BA-9C74-429F-A576-5EE6C6E8CCB6}.Release-Dll|x86.Build.0 = Release|Win32
		{B998D8BA-9C74-429F-A576-5EE6C6E8CCB6}.Release-Install|x64.ActiveCfg = Release|x64
		{B998D8BA-9C74-429F-A576-5EE6C6E8CCB6}.Release-Install|x64.Build.0 = Release|x64
		{B998D8BA-9C74-429F-A576-5EE6C6E8CCB6}.Release-Install|x86.ActiveCfg = Release|Win32
		{B998D8BA-9C74-429F-A576-5EE6C6E8CCB6}.Release-Install|x86.Build.0 = Release|Win32
		{B998D8BA-9C74-429F-A576-5EE6C6E8CCB6}.Release-Lib|x64.ActiveCfg = Release|x64
		{B998D8BA-9C74-429F-A576-5EE6C6E8CCB6}.Release-Lib|x64.Build.0 = Release|x64
		{B998D8BA-9C74-429F-A576-5EE6C6E8CCB6}.Release-Lib|x86.ActiveCfg = Release|Win32
		{B998D8BA-9C74-429F-A576-5EE6C6E8CCB6}.Release-Lib|x86.Build.0 = Release|Win32
		{D73AC684-AA40-42CB-825F-7CA3045AA023}.Debug|x64.ActiveCfg = Debug|x64
		{D73AC684-AA40-42CB-825F-7CA3045AA023}.Debug|x64.Build.0 = Debug|x64
		{D73AC684-AA40-42CB-825F-7CA3045AA023}.Debug|x86.ActiveCfg = Debug|Win32
		{D73AC684-AA40-42CB-825F-7CA3045AA023}.Debug|x86.Build.0 = Debug|Win32
		{D73AC684-AA40-42CB-825F-7CA3045AA023}.Debug-Dll|x64.ActiveCfg = Debug|x64
		{D73AC684-AA40-42CB-825F-7CA3045AA023}.Debug-Dll|x64.Build.0 = Debug|x64
		{D73AC684-AA40-42CB-825F-7CA3045AA023}.Debug-Dll|x86.ActiveCfg = Debug|Win32
		{D73AC684-AA40-42CB-825F-7CA3045AA023}.Debug-Dll|x86.Build.0 = Debug|Win32
		{D73AC684-AA40-42CB-825F-7CA3045AA023}.Debug-Lib|x64.ActiveCfg = Debug|x64
		{D73AC684-AA40-42CB-825F-7CA3045AA023}.Debug-Lib|x64.Build.0 = Debug|x64
		{D73AC684-AA40-42CB-825F-7CA3045AA023}.Debug-Lib|x86.ActiveCfg = Debug|Win32
		{D73AC684-AA40-42CB-825F-7CA3045AA023}.Debug-Lib|x86.Build.0 = Debug|Win32
		{D73AC684-AA40-42CB-825F-7CA3045AA023}.Release|x64.ActiveCfg = Release|x64
		{D73AC684-AA40-42CB-825F-7CA3045AA023}.Release|x64.Build.0 = Release|x64
		{D73AC684-AA40-42CB-825F-7CA3045AA023}.Release|x86.ActiveCfg = Release|Win32
		{D73AC684-AA40-42CB-825F-7CA3045AA023}.Release|x86.Build.0 = Release|Win32
		{D73AC684-AA40-42CB-825F-7CA3045AA023}.Release-Dll|x64.ActiveCfg = Release|x64
		{D73AC684-AA40-42CB-825F-7CA3045AA023}.Release-Dll|x64.Build.0 = Release|x64
		{D73AC684-AA40-42CB-825F-7CA3045AA023}.Release-Dll|x86.ActiveCfg = Release|Win32
		{D73AC684-AA40-42CB-825F-7CA3045AA023}.Release-Dll|x86.Build.0 = Release|Win32
		{D73AC684-AA40-42CB-825F-7CA3045AA023}.Release-Install|x64.ActiveCfg = Release|x64
		{D73AC684-AA40-42CB-825F-7CA3045AA023}.Release-Install|x64.Build.0 = Release|x64
		{D73AC684-AA40-42CB-825F-7CA3045AA023}.Release-Install|x86.ActiveCfg = Release|Win32
		{D73AC684-AA40-42CB-825F-7CA3045AA023}.Release-Install|x86.Build.0 = Release|Win32
		{D73AC684-AA40-42CB-825F-7CA3045AA023}.Release-Lib|x64.ActiveCfg = Release|x64
		{D73AC684-AA40-42CB-825F-7CA3045AA023}.Release-Lib|x64.Build.0 = Release|x64
		{D73AC684-AA40-42CB-825F-7CA3045AA023}.Release-Lib|x86.ActiveCfg = Release|Win32
		{D73AC684-AA40-42CB-825F-7CA3045AA023}.Release-Lib|x86.Build.0 = Release|Win32
		{1FBB26B4-BE1D-4C0D-B271-85B1E97F3C3D}.Debug|x64.ActiveCfg = Debug|x64
		{1FBB26B4-BE1D-4C0D-B271-85B1E97F3C3D}.Debug|x64.Build.0 = Debug|x64
		{1FBB26B4-BE1D-4C0D-B271-85B1E97F3C3D}.Debug|x86.ActiveCfg = Debug|Win32
		{1FBB26B4-BE1D-4C0D-B271-85B1E97F3C3D}.Debug|x86.Build.0 = Debug|Win32
		{1FBB26B4-BE1D-4C0D-B271-85B1E97F3C3D}.Debug-Dll|x64.ActiveCfg = Debug|x64
		{1FBB26B4-BE1D-4C0D-B271-85B1E97F3C3D}.Debug-Dll|x64.Build.0 = Debug|x64
		{1FBB26B4-BE1D-4C0D-B271-85B1E97F3C3D}.Debug-Dll|x86.ActiveCfg = Debug|Win32
		{1FBB26B4-BE1D-4C0D-B271-85B1E97F3C3D}.Debug-Dll|x86.Build.0 = Debug|Win32
		{1FBB26B4-BE1D-4C0D-B271-85B1E97F3C3D}.Debug-Lib|x64.ActiveCfg = Debug|x64
		{1FBB26B4-BE1D-4C0D-B271-85B1E97F3C3D}.Debug-Lib|x64.Build.0 = Debug|x64
		{1FBB26B4-BE1D-4C0D-B271-85B1E97F3C3D}.Debug-Lib|x86.ActiveCfg = Debug|Win32
		{1FBB26B4-BE1D-4C0D-B271-85B1E97F3C3D}.Debug-Lib|x86.Build.0 = Debug|Win32
		{1FBB26B4-BE1D-4C0D-B271-85B1E97F3C3D}.Release|x64.ActiveCfg = Release|x64
		{1FBB26B4-BE1D-4C0D-B271-85B1E97F3C3D}.Release|x64.Build.0 = Release|x64
		{1FBB26B4-BE1D-4C0D-B271-85B1E97F3C3D}.Release|x86.ActiveCfg = Release|Win32
		{1FBB26B4-BE1D-4C0D-B271-85B1E97F3C3D}.Release|x86.Build.0 = Release|Win32
		{1FBB26B4-BE1D-4C0D-B271-85B1E97F3C3D}.Release-Dll|x64.ActiveCfg = Release|x64
		{1FBB26B4-BE1D-4C0D-B271-85B1E97F3C3D}.Release-Dll|x64.Build.0 = Release|x64
		{1FBB26B4-BE1D-4C0D-B271-85B1E97F3C3D}.Release-Dll|x86.ActiveCfg = Release|Win32
		{1FBB26B4-BE1D-4C0D-B271-85B1E97F3C3D}.Release-Dll|x86.Build.0 = Release|Win32
		{1FBB26B4-BE1D-4C0D-B271-85B1E97F3C3D}.Release-Install|x64.ActiveCfg = Release|x64
		{1FBB26B4-BE1D-4C0D-B271-85B1E97F3C3D}.Release-Install|x64.Build.0 = Release|x64
		{1FBB26B4-BE1D-4C0D-B271-85B1E97F3C3D}.Release-Install|x86.ActiveCfg = Release|Win32
		{1FBB26B4-BE1D-4C0D-B271-85B1E97F3C3D}.Release-Install|x86.Build.0 = Release|Win32
		{1FBB26B4-BE1D-4C0D-B271-85B1E97F3C3D}.Release-Lib|x64.ActiveCfg = Release|x64
		{1FBB26B4-BE1D-4C0D-B271-85B1E97F3C3D}.Release-Lib|x64.Build.0 = Release|x64
		{1FBB26B4-BE1D-4C0D-B271-85B1E97F3C3D}.Release-Lib|x86.ActiveCfg = Release|Win32
		{1FBB26B4-BE1D-4C0D-B271-85B1E97F3C3D}.Release-Lib|x86.Build.0 = Release|Win32
	EndGlobalSection
	GlobalSection(SolutionProperties) = preSolution
		HideSolutionNode = FALSE
	EndGlobalSection
	GlobalSection(ExtensibilityGlobals) = postSolution
		SolutionGuid = {53D5C6C2-D398-4C17-A5DC-AB01B7C576BC}
	EndGlobalSection
EndGlobal
