
Microsoft Visual Studio Solution File, Format Version 12.00
# Visual Studio Version 16
VisualStudioVersion = 16.0.30804.86
MinimumVisualStudioVersion = 10.0.40219.1
Project("{8BC9CEB8-8B4A-11D0-8D11-00A0C91BC942}") = "App", "App\App.vcxproj", "{7202064E-BC20-477C-9D41-C76527C4756B}"
	ProjectSection(ProjectDependencies) = postProject
		{28493CC5-4774-40E3-8E2B-973209705419} = {28493CC5-4774-40E3-8E2B-973209705419}
		{FC8641F9-67F5-474B-9296-F5CF069D6F6D} = {FC8641F9-67F5-474B-9296-F5CF069D6F6D}
	EndProjectSection
EndProject
Project("{8BC9CEB8-8B4A-11D0-8D11-00A0C91BC942}") = "src_lib", "src_lib\src_lib.vcxproj", "{CA08C938-2967-40A8-9834-359D5B8009E7}"
	ProjectSection(ProjectDependencies) = postProject
		{28493CC5-4774-40E3-8E2B-973209705419} = {28493CC5-4774-40E3-8E2B-973209705419}
		{30C8AEEA-9F9C-4D4C-9AEC-9402E8961540} = {30C8AEEA-9F9C-4D4C-9AEC-9402E8961540}
		{FC8641F9-67F5-474B-9296-F5CF069D6F6D} = {FC8641F9-67F5-474B-9296-F5CF069D6F6D}
	EndProjectSection
EndProject
Project("{8BC9CEB8-8B4A-11D0-8D11-00A0C91BC942}") = "tinyxml2", "3rdparty\submodules\tinyxml2\tinyxml2\tinyxml2.vcxproj", "{D1C528B6-AA02-4D29-9D61-DC08E317A70D}"
EndProject
Project("{8BC9CEB8-8B4A-11D0-8D11-00A0C91BC942}") = "logging", "logging\logging.vcxproj", "{28493CC5-4774-40E3-8E2B-973209705419}"
EndProject
Project("{8BC9CEB8-8B4A-11D0-8D11-00A0C91BC942}") = "util", "util\util.vcxproj", "{FC8641F9-67F5-474B-9296-F5CF069D6F6D}"
EndProject
Project("{8BC9CEB8-8B4A-11D0-8D11-00A0C91BC942}") = "tile", "tile\tile.vcxproj", "{B998D8BA-9C74-429F-A576-5EE6C6E8CCB6}"
EndProject
Project("{8BC9CEB8-8B4A-11D0-8D11-00A0C91BC942}") = "tile_test", "tile_test\tile_test.vcxproj", "{D73AC684-AA40-42CB-825F-7CA3045AA023}"
EndProject
Project("{8BC9CEB8-8B4A-11D0-8D11-00A0C91BC942}") = "util_test", "util_test\util_test.vcxproj", "{1FBB26B4-BE1D-4C0D-B271-85B1E97F3C3D}"
EndProject
Project("{8BC9CEB8-8B4A-11D0-8D11-00A0C91BC942}") = "logging_test", "logging_test\logging_test.vcxproj", "{AD16EEEB-39EB-43DB-A731-C034A908908D}"
EndProject
Project("{8BC9CEB8-8B4A-11D0-8D11-00A0C91BC942}") = "sfml-audio", "sfml\sfml-audio.vcxproj", "{6389DEAF-9349-36A9-93EC-153485B5DC78}"
	ProjectSection(ProjectDependencies) = postProject
		{E9E56B71-455E-3047-BDE2-9A23331CC089} = {E9E56B71-455E-3047-BDE2-9A23331CC089}
	EndProjectSection
EndProject
Project("{8BC9CEB8-8B4A-11D0-8D11-00A0C91BC942}") = "sfml-system", "sfml\sfml-system.vcxproj", "{E9E56B71-455E-3047-BDE2-9A23331CC089}"
EndProject
Project("{8BC9CEB8-8B4A-11D0-8D11-00A0C91BC942}") = "sfml-graphics", "sfml\sfml-graphics.vcxproj", "{B9B79D8D-D896-33AA-99C4-BE1C78068A10}"
	ProjectSection(ProjectDependencies) = postProject
		{E9E56B71-455E-3047-BDE2-9A23331CC089} = {E9E56B71-455E-3047-BDE2-9A23331CC089}
		{3CFA437D-5C86-3417-B0B6-4C5850EC12DC} = {3CFA437D-5C86-3417-B0B6-4C5850EC12DC}
	EndProjectSection
EndProject
Project("{8BC9CEB8-8B4A-11D0-8D11-00A0C91BC942}") = "sfml-window", "sfml\sfml-window.vcxproj", "{3CFA437D-5C86-3417-B0B6-4C5850EC12DC}"
	ProjectSection(ProjectDependencies) = postProject
		{E9E56B71-455E-3047-BDE2-9A23331CC089} = {E9E56B71-455E-3047-BDE2-9A23331CC089}
	EndProjectSection
EndProject
Project("{8BC9CEB8-8B4A-11D0-8D11-00A0C91BC942}") = "sfml-network", "sfml\sfml-network.vcxproj", "{D437DDF5-09A0-3C13-AD30-2D5390962E9A}"
	ProjectSection(ProjectDependencies) = postProject
		{E9E56B71-455E-3047-BDE2-9A23331CC089} = {E9E56B71-455E-3047-BDE2-9A23331CC089}
	EndProjectSection
EndProject
Project("{8BC9CEB8-8B4A-11D0-8D11-00A0C91BC942}") = "sfml-main", "sfml\sfml-main.vcxproj", "{67500813-239A-3DC5-A6A7-AA3247DFBFF7}"
EndProject
Project("{2150E333-8FDC-42A3-9474-1A3956D46DE8}") = "sfml", "sfml", "{E6476DA9-CDD3-4C14-AEAC-9827464634E6}"
EndProject
Project("{8BC9CEB8-8B4A-11D0-8D11-00A0C91BC942}") = "shared", "shared\shared.vcxproj", "{30C8AEEA-9F9C-4D4C-9AEC-9402E8961540}"
	ProjectSection(ProjectDependencies) = postProject
		{28493CC5-4774-40E3-8E2B-973209705419} = {28493CC5-4774-40E3-8E2B-973209705419}
	EndProjectSection
EndProject
Global
	GlobalSection(SolutionConfigurationPlatforms) = preSolution
		Debug|x64 = Debug|x64
		Debug|x86 = Debug|x86
		Debug-Dll|x64 = Debug-Dll|x64
		Debug-Dll|x86 = Debug-Dll|x86
		Debug-Lib|x64 = Debug-Lib|x64
		Debug-Lib|x86 = Debug-Lib|x86
		MinSizeRel|x64 = MinSizeRel|x64
		MinSizeRel|x86 = MinSizeRel|x86
		Release|x64 = Release|x64
		Release|x86 = Release|x86
		Release-Dll|x64 = Release-Dll|x64
		Release-Dll|x86 = Release-Dll|x86
		Release-Install|x64 = Release-Install|x64
		Release-Install|x86 = Release-Install|x86
		Release-Lib|x64 = Release-Lib|x64
		Release-Lib|x86 = Release-Lib|x86
		RelWithDebInfo|x64 = RelWithDebInfo|x64
		RelWithDebInfo|x86 = RelWithDebInfo|x86
	EndGlobalSection
	GlobalSection(ProjectConfigurationPlatforms) = postSolution
		{7202064E-BC20-477C-9D41-C76527C4756B}.Debug|x64.ActiveCfg = Debug|x64
		{7202064E-BC20-477C-9D41-C76527C4756B}.Debug|x64.Build.0 = Debug|x64
		{7202064E-BC20-477C-9D41-C76527C4756B}.Debug|x86.ActiveCfg = Debug|Win32
		{7202064E-BC20-477C-9D41-C76527C4756B}.Debug|x86.Build.0 = Debug|Win32
		{7202064E-BC20-477C-9D41-C76527C4756B}.Debug-Dll|x64.ActiveCfg = Debug|x64
		{7202064E-BC20-477C-9D41-C76527C4756B}.Debug-Dll|x64.Build.0 = Debug|x64
		{7202064E-BC20-477C-9D41-C76527C4756B}.Debug-Dll|x86.ActiveCfg = Debug|Win32
		{7202064E-BC20-477C-9D41-C76527C4756B}.Debug-Dll|x86.Build.0 = Debug|Win32
		{7202064E-BC20-477C-9D41-C76527C4756B}.Debug-Lib|x64.ActiveCfg = Debug|x64
		{7202064E-BC20-477C-9D41-C76527C4756B}.Debug-Lib|x64.Build.0 = Debug|x64
		{7202064E-BC20-477C-9D41-C76527C4756B}.Debug-Lib|x86.ActiveCfg = Debug|Win32
		{7202064E-BC20-477C-9D41-C76527C4756B}.Debug-Lib|x86.Build.0 = Debug|Win32
		{7202064E-BC20-477C-9D41-C76527C4756B}.MinSizeRel|x64.ActiveCfg = Release|x64
		{7202064E-BC20-477C-9D41-C76527C4756B}.MinSizeRel|x64.Build.0 = Release|x64
		{7202064E-BC20-477C-9D41-C76527C4756B}.MinSizeRel|x86.ActiveCfg = Release|Win32
		{7202064E-BC20-477C-9D41-C76527C4756B}.MinSizeRel|x86.Build.0 = Release|Win32
		{7202064E-BC20-477C-9D41-C76527C4756B}.Release|x64.ActiveCfg = Release|x64
		{7202064E-BC20-477C-9D41-C76527C4756B}.Release|x64.Build.0 = Release|x64
		{7202064E-BC20-477C-9D41-C76527C4756B}.Release|x86.ActiveCfg = Release|Win32
		{7202064E-BC20-477C-9D41-C76527C4756B}.Release|x86.Build.0 = Release|Win32
		{7202064E-BC20-477C-9D41-C76527C4756B}.Release-Dll|x64.ActiveCfg = Release|x64
		{7202064E-BC20-477C-9D41-C76527C4756B}.Release-Dll|x64.Build.0 = Release|x64
		{7202064E-BC20-477C-9D41-C76527C4756B}.Release-Dll|x86.ActiveCfg = Release|Win32
		{7202064E-BC20-477C-9D41-C76527C4756B}.Release-Dll|x86.Build.0 = Release|Win32
		{7202064E-BC20-477C-9D41-C76527C4756B}.Release-Install|x64.ActiveCfg = Release|x64
		{7202064E-BC20-477C-9D41-C76527C4756B}.Release-Install|x64.Build.0 = Release|x64
		{7202064E-BC20-477C-9D41-C76527C4756B}.Release-Install|x86.ActiveCfg = Release|Win32
		{7202064E-BC20-477C-9D41-C76527C4756B}.Release-Install|x86.Build.0 = Release|Win32
		{7202064E-BC20-477C-9D41-C76527C4756B}.Release-Lib|x64.ActiveCfg = Release|x64
		{7202064E-BC20-477C-9D41-C76527C4756B}.Release-Lib|x64.Build.0 = Release|x64
		{7202064E-BC20-477C-9D41-C76527C4756B}.Release-Lib|x86.ActiveCfg = Release|Win32
		{7202064E-BC20-477C-9D41-C76527C4756B}.Release-Lib|x86.Build.0 = Release|Win32
		{7202064E-BC20-477C-9D41-C76527C4756B}.RelWithDebInfo|x64.ActiveCfg = Release|x64
		{7202064E-BC20-477C-9D41-C76527C4756B}.RelWithDebInfo|x64.Build.0 = Release|x64
		{7202064E-BC20-477C-9D41-C76527C4756B}.RelWithDebInfo|x86.ActiveCfg = Release|Win32
		{7202064E-BC20-477C-9D41-C76527C4756B}.RelWithDebInfo|x86.Build.0 = Release|Win32
		{CA08C938-2967-40A8-9834-359D5B8009E7}.Debug|x64.ActiveCfg = Debug|x64
		{CA08C938-2967-40A8-9834-359D5B8009E7}.Debug|x64.Build.0 = Debug|x64
		{CA08C938-2967-40A8-9834-359D5B8009E7}.Debug|x86.ActiveCfg = Debug|Win32
		{CA08C938-2967-40A8-9834-359D5B8009E7}.Debug|x86.Build.0 = Debug|Win32
		{CA08C938-2967-40A8-9834-359D5B8009E7}.Debug-Dll|x64.ActiveCfg = Debug|x64
		{CA08C938-2967-40A8-9834-359D5B8009E7}.Debug-Dll|x64.Build.0 = Debug|x64
		{CA08C938-2967-40A8-9834-359D5B8009E7}.Debug-Dll|x86.ActiveCfg = Debug|Win32
		{CA08C938-2967-40A8-9834-359D5B8009E7}.Debug-Dll|x86.Build.0 = Debug|Win32
		{CA08C938-2967-40A8-9834-359D5B8009E7}.Debug-Lib|x64.ActiveCfg = Debug|x64
		{CA08C938-2967-40A8-9834-359D5B8009E7}.Debug-Lib|x64.Build.0 = Debug|x64
		{CA08C938-2967-40A8-9834-359D5B8009E7}.Debug-Lib|x86.ActiveCfg = Debug|Win32
		{CA08C938-2967-40A8-9834-359D5B8009E7}.Debug-Lib|x86.Build.0 = Debug|Win32
		{CA08C938-2967-40A8-9834-359D5B8009E7}.MinSizeRel|x64.ActiveCfg = Release-Install|x64
		{CA08C938-2967-40A8-9834-359D5B8009E7}.MinSizeRel|x64.Build.0 = Release-Install|x64
		{CA08C938-2967-40A8-9834-359D5B8009E7}.MinSizeRel|x86.ActiveCfg = Release-Install|Win32
		{CA08C938-2967-40A8-9834-359D5B8009E7}.MinSizeRel|x86.Build.0 = Release-Install|Win32
		{CA08C938-2967-40A8-9834-359D5B8009E7}.Release|x64.ActiveCfg = Release|x64
		{CA08C938-2967-40A8-9834-359D5B8009E7}.Release|x64.Build.0 = Release|x64
		{CA08C938-2967-40A8-9834-359D5B8009E7}.Release|x86.ActiveCfg = Release|Win32
		{CA08C938-2967-40A8-9834-359D5B8009E7}.Release|x86.Build.0 = Release|Win32
		{CA08C938-2967-40A8-9834-359D5B8009E7}.Release-Dll|x64.ActiveCfg = Release|x64
		{CA08C938-2967-40A8-9834-359D5B8009E7}.Release-Dll|x64.Build.0 = Release|x64
		{CA08C938-2967-40A8-9834-359D5B8009E7}.Release-Dll|x86.ActiveCfg = Release|Win32
		{CA08C938-2967-40A8-9834-359D5B8009E7}.Release-Dll|x86.Build.0 = Release|Win32
		{CA08C938-2967-40A8-9834-359D5B8009E7}.Release-Install|x64.ActiveCfg = Release|x64
		{CA08C938-2967-40A8-9834-359D5B8009E7}.Release-Install|x64.Build.0 = Release|x64
		{CA08C938-2967-40A8-9834-359D5B8009E7}.Release-Install|x86.ActiveCfg = Release|Win32
		{CA08C938-2967-40A8-9834-359D5B8009E7}.Release-Install|x86.Build.0 = Release|Win32
		{CA08C938-2967-40A8-9834-359D5B8009E7}.Release-Lib|x64.ActiveCfg = Release|x64
		{CA08C938-2967-40A8-9834-359D5B8009E7}.Release-Lib|x64.Build.0 = Release|x64
		{CA08C938-2967-40A8-9834-359D5B8009E7}.Release-Lib|x86.ActiveCfg = Release|Win32
		{CA08C938-2967-40A8-9834-359D5B8009E7}.Release-Lib|x86.Build.0 = Release|Win32
		{CA08C938-2967-40A8-9834-359D5B8009E7}.RelWithDebInfo|x64.ActiveCfg = Release-Install|x64
		{CA08C938-2967-40A8-9834-359D5B8009E7}.RelWithDebInfo|x64.Build.0 = Release-Install|x64
		{CA08C938-2967-40A8-9834-359D5B8009E7}.RelWithDebInfo|x86.ActiveCfg = Release-Install|Win32
		{CA08C938-2967-40A8-9834-359D5B8009E7}.RelWithDebInfo|x86.Build.0 = Release-Install|Win32
		{D1C528B6-AA02-4D29-9D61-DC08E317A70D}.Debug|x64.ActiveCfg = Debug-Lib|x64
		{D1C528B6-AA02-4D29-9D61-DC08E317A70D}.Debug|x64.Build.0 = Debug-Lib|x64
		{D1C528B6-AA02-4D29-9D61-DC08E317A70D}.Debug|x86.ActiveCfg = Debug-Dll|Win32
		{D1C528B6-AA02-4D29-9D61-DC08E317A70D}.Debug|x86.Build.0 = Debug-Dll|Win32
		{D1C528B6-AA02-4D29-9D61-DC08E317A70D}.Debug-Dll|x64.ActiveCfg = Debug-Dll|x64
		{D1C528B6-AA02-4D29-9D61-DC08E317A70D}.Debug-Dll|x64.Build.0 = Debug-Dll|x64
		{D1C528B6-AA02-4D29-9D61-DC08E317A70D}.Debug-Dll|x86.ActiveCfg = Debug-Dll|Win32
		{D1C528B6-AA02-4D29-9D61-DC08E317A70D}.Debug-Dll|x86.Build.0 = Debug-Dll|Win32
		{D1C528B6-AA02-4D29-9D61-DC08E317A70D}.Debug-Lib|x64.ActiveCfg = Debug-Lib|x64
		{D1C528B6-AA02-4D29-9D61-DC08E317A70D}.Debug-Lib|x64.Build.0 = Debug-Lib|x64
		{D1C528B6-AA02-4D29-9D61-DC08E317A70D}.Debug-Lib|x86.ActiveCfg = Debug-Lib|Win32
		{D1C528B6-AA02-4D29-9D61-DC08E317A70D}.Debug-Lib|x86.Build.0 = Debug-Lib|Win32
		{D1C528B6-AA02-4D29-9D61-DC08E317A70D}.MinSizeRel|x64.ActiveCfg = Release-Lib|x64
		{D1C528B6-AA02-4D29-9D61-DC08E317A70D}.MinSizeRel|x64.Build.0 = Release-Lib|x64
		{D1C528B6-AA02-4D29-9D61-DC08E317A70D}.MinSizeRel|x86.ActiveCfg = Release-Lib|Win32
		{D1C528B6-AA02-4D29-9D61-DC08E317A70D}.MinSizeRel|x86.Build.0 = Release-Lib|Win32
		{D1C528B6-AA02-4D29-9D61-DC08E317A70D}.Release|x64.ActiveCfg = Release-Dll|x64
		{D1C528B6-AA02-4D29-9D61-DC08E317A70D}.Release|x64.Build.0 = Release-Dll|x64
		{D1C528B6-AA02-4D29-9D61-DC08E317A70D}.Release|x86.ActiveCfg = Release-Dll|Win32
		{D1C528B6-AA02-4D29-9D61-DC08E317A70D}.Release|x86.Build.0 = Release-Dll|Win32
		{D1C528B6-AA02-4D29-9D61-DC08E317A70D}.Release-Dll|x64.ActiveCfg = Release-Dll|x64
		{D1C528B6-AA02-4D29-9D61-DC08E317A70D}.Release-Dll|x64.Build.0 = Release-Dll|x64
		{D1C528B6-AA02-4D29-9D61-DC08E317A70D}.Release-Dll|x86.ActiveCfg = Release-Dll|Win32
		{D1C528B6-AA02-4D29-9D61-DC08E317A70D}.Release-Dll|x86.Build.0 = Release-Dll|Win32
		{D1C528B6-AA02-4D29-9D61-DC08E317A70D}.Release-Install|x64.ActiveCfg = Release-Dll|x64
		{D1C528B6-AA02-4D29-9D61-DC08E317A70D}.Release-Install|x64.Build.0 = Release-Dll|x64
		{D1C528B6-AA02-4D29-9D61-DC08E317A70D}.Release-Install|x86.ActiveCfg = Release-Dll|Win32
		{D1C528B6-AA02-4D29-9D61-DC08E317A70D}.Release-Install|x86.Build.0 = Release-Dll|Win32
		{D1C528B6-AA02-4D29-9D61-DC08E317A70D}.Release-Lib|x64.ActiveCfg = Release-Lib|x64
		{D1C528B6-AA02-4D29-9D61-DC08E317A70D}.Release-Lib|x64.Build.0 = Release-Lib|x64
		{D1C528B6-AA02-4D29-9D61-DC08E317A70D}.Release-Lib|x86.ActiveCfg = Release-Lib|Win32
		{D1C528B6-AA02-4D29-9D61-DC08E317A70D}.Release-Lib|x86.Build.0 = Release-Lib|Win32
		{D1C528B6-AA02-4D29-9D61-DC08E317A70D}.RelWithDebInfo|x64.ActiveCfg = Release-Lib|x64
		{D1C528B6-AA02-4D29-9D61-DC08E317A70D}.RelWithDebInfo|x64.Build.0 = Release-Lib|x64
		{D1C528B6-AA02-4D29-9D61-DC08E317A70D}.RelWithDebInfo|x86.ActiveCfg = Release-Lib|Win32
		{D1C528B6-AA02-4D29-9D61-DC08E317A70D}.RelWithDebInfo|x86.Build.0 = Release-Lib|Win32
		{28493CC5-4774-40E3-8E2B-973209705419}.Debug|x64.ActiveCfg = Debug|x64
		{28493CC5-4774-40E3-8E2B-973209705419}.Debug|x64.Build.0 = Debug|x64
		{28493CC5-4774-40E3-8E2B-973209705419}.Debug|x86.ActiveCfg = Debug|Win32
		{28493CC5-4774-40E3-8E2B-973209705419}.Debug|x86.Build.0 = Debug|Win32
		{28493CC5-4774-40E3-8E2B-973209705419}.Debug-Dll|x64.ActiveCfg = Debug|x64
		{28493CC5-4774-40E3-8E2B-973209705419}.Debug-Dll|x64.Build.0 = Debug|x64
		{28493CC5-4774-40E3-8E2B-973209705419}.Debug-Dll|x86.ActiveCfg = Debug|Win32
		{28493CC5-4774-40E3-8E2B-973209705419}.Debug-Dll|x86.Build.0 = Debug|Win32
		{28493CC5-4774-40E3-8E2B-973209705419}.Debug-Lib|x64.ActiveCfg = Debug|x64
		{28493CC5-4774-40E3-8E2B-973209705419}.Debug-Lib|x64.Build.0 = Debug|x64
		{28493CC5-4774-40E3-8E2B-973209705419}.Debug-Lib|x86.ActiveCfg = Debug|Win32
		{28493CC5-4774-40E3-8E2B-973209705419}.Debug-Lib|x86.Build.0 = Debug|Win32
		{28493CC5-4774-40E3-8E2B-973209705419}.MinSizeRel|x64.ActiveCfg = Release|x64
		{28493CC5-4774-40E3-8E2B-973209705419}.MinSizeRel|x64.Build.0 = Release|x64
		{28493CC5-4774-40E3-8E2B-973209705419}.MinSizeRel|x86.ActiveCfg = Release|Win32
		{28493CC5-4774-40E3-8E2B-973209705419}.MinSizeRel|x86.Build.0 = Release|Win32
		{28493CC5-4774-40E3-8E2B-973209705419}.Release|x64.ActiveCfg = Release|x64
		{28493CC5-4774-40E3-8E2B-973209705419}.Release|x64.Build.0 = Release|x64
		{28493CC5-4774-40E3-8E2B-973209705419}.Release|x86.ActiveCfg = Release|Win32
		{28493CC5-4774-40E3-8E2B-973209705419}.Release|x86.Build.0 = Release|Win32
		{28493CC5-4774-40E3-8E2B-973209705419}.Release-Dll|x64.ActiveCfg = Release|x64
		{28493CC5-4774-40E3-8E2B-973209705419}.Release-Dll|x64.Build.0 = Release|x64
		{28493CC5-4774-40E3-8E2B-973209705419}.Release-Dll|x86.ActiveCfg = Release|Win32
		{28493CC5-4774-40E3-8E2B-973209705419}.Release-Dll|x86.Build.0 = Release|Win32
		{28493CC5-4774-40E3-8E2B-973209705419}.Release-Install|x64.ActiveCfg = Release|x64
		{28493CC5-4774-40E3-8E2B-973209705419}.Release-Install|x64.Build.0 = Release|x64
		{28493CC5-4774-40E3-8E2B-973209705419}.Release-Install|x86.ActiveCfg = Release|Win32
		{28493CC5-4774-40E3-8E2B-973209705419}.Release-Install|x86.Build.0 = Release|Win32
		{28493CC5-4774-40E3-8E2B-973209705419}.Release-Lib|x64.ActiveCfg = Release|x64
		{28493CC5-4774-40E3-8E2B-973209705419}.Release-Lib|x64.Build.0 = Release|x64
		{28493CC5-4774-40E3-8E2B-973209705419}.Release-Lib|x86.ActiveCfg = Release|Win32
		{28493CC5-4774-40E3-8E2B-973209705419}.Release-Lib|x86.Build.0 = Release|Win32
		{28493CC5-4774-40E3-8E2B-973209705419}.RelWithDebInfo|x64.ActiveCfg = Release|x64
		{28493CC5-4774-40E3-8E2B-973209705419}.RelWithDebInfo|x64.Build.0 = Release|x64
		{28493CC5-4774-40E3-8E2B-973209705419}.RelWithDebInfo|x86.ActiveCfg = Release|Win32
		{28493CC5-4774-40E3-8E2B-973209705419}.RelWithDebInfo|x86.Build.0 = Release|Win32
		{FC8641F9-67F5-474B-9296-F5CF069D6F6D}.Debug|x64.ActiveCfg = Debug|x64
		{FC8641F9-67F5-474B-9296-F5CF069D6F6D}.Debug|x64.Build.0 = Debug|x64
		{FC8641F9-67F5-474B-9296-F5CF069D6F6D}.Debug|x86.ActiveCfg = Debug|Win32
		{FC8641F9-67F5-474B-9296-F5CF069D6F6D}.Debug|x86.Build.0 = Debug|Win32
		{FC8641F9-67F5-474B-9296-F5CF069D6F6D}.Debug-Dll|x64.ActiveCfg = Debug|x64
		{FC8641F9-67F5-474B-9296-F5CF069D6F6D}.Debug-Dll|x64.Build.0 = Debug|x64
		{FC8641F9-67F5-474B-9296-F5CF069D6F6D}.Debug-Dll|x86.ActiveCfg = Debug|Win32
		{FC8641F9-67F5-474B-9296-F5CF069D6F6D}.Debug-Dll|x86.Build.0 = Debug|Win32
		{FC8641F9-67F5-474B-9296-F5CF069D6F6D}.Debug-Lib|x64.ActiveCfg = Debug|x64
		{FC8641F9-67F5-474B-9296-F5CF069D6F6D}.Debug-Lib|x64.Build.0 = Debug|x64
		{FC8641F9-67F5-474B-9296-F5CF069D6F6D}.Debug-Lib|x86.ActiveCfg = Debug|Win32
		{FC8641F9-67F5-474B-9296-F5CF069D6F6D}.Debug-Lib|x86.Build.0 = Debug|Win32
		{FC8641F9-67F5-474B-9296-F5CF069D6F6D}.MinSizeRel|x64.ActiveCfg = Release|x64
		{FC8641F9-67F5-474B-9296-F5CF069D6F6D}.MinSizeRel|x64.Build.0 = Release|x64
		{FC8641F9-67F5-474B-9296-F5CF069D6F6D}.MinSizeRel|x86.ActiveCfg = Release|Win32
		{FC8641F9-67F5-474B-9296-F5CF069D6F6D}.MinSizeRel|x86.Build.0 = Release|Win32
		{FC8641F9-67F5-474B-9296-F5CF069D6F6D}.Release|x64.ActiveCfg = Release|x64
		{FC8641F9-67F5-474B-9296-F5CF069D6F6D}.Release|x64.Build.0 = Release|x64
		{FC8641F9-67F5-474B-9296-F5CF069D6F6D}.Release|x86.ActiveCfg = Release|Win32
		{FC8641F9-67F5-474B-9296-F5CF069D6F6D}.Release|x86.Build.0 = Release|Win32
		{FC8641F9-67F5-474B-9296-F5CF069D6F6D}.Release-Dll|x64.ActiveCfg = Release|x64
		{FC8641F9-67F5-474B-9296-F5CF069D6F6D}.Release-Dll|x64.Build.0 = Release|x64
		{FC8641F9-67F5-474B-9296-F5CF069D6F6D}.Release-Dll|x86.ActiveCfg = Release|Win32
		{FC8641F9-67F5-474B-9296-F5CF069D6F6D}.Release-Dll|x86.Build.0 = Release|Win32
		{FC8641F9-67F5-474B-9296-F5CF069D6F6D}.Release-Install|x64.ActiveCfg = Release|x64
		{FC8641F9-67F5-474B-9296-F5CF069D6F6D}.Release-Install|x64.Build.0 = Release|x64
		{FC8641F9-67F5-474B-9296-F5CF069D6F6D}.Release-Install|x86.ActiveCfg = Release-Install|Win32
		{FC8641F9-67F5-474B-9296-F5CF069D6F6D}.Release-Install|x86.Build.0 = Release-Install|Win32
		{FC8641F9-67F5-474B-9296-F5CF069D6F6D}.Release-Lib|x64.ActiveCfg = Release|x64
		{FC8641F9-67F5-474B-9296-F5CF069D6F6D}.Release-Lib|x64.Build.0 = Release|x64
		{FC8641F9-67F5-474B-9296-F5CF069D6F6D}.Release-Lib|x86.ActiveCfg = Release|Win32
		{FC8641F9-67F5-474B-9296-F5CF069D6F6D}.Release-Lib|x86.Build.0 = Release|Win32
		{FC8641F9-67F5-474B-9296-F5CF069D6F6D}.RelWithDebInfo|x64.ActiveCfg = Release|x64
		{FC8641F9-67F5-474B-9296-F5CF069D6F6D}.RelWithDebInfo|x64.Build.0 = Release|x64
		{FC8641F9-67F5-474B-9296-F5CF069D6F6D}.RelWithDebInfo|x86.ActiveCfg = Release|Win32
		{FC8641F9-67F5-474B-9296-F5CF069D6F6D}.RelWithDebInfo|x86.Build.0 = Release|Win32
		{B998D8BA-9C74-429F-A576-5EE6C6E8CCB6}.Debug|x64.ActiveCfg = Debug|x64
		{B998D8BA-9C74-429F-A576-5EE6C6E8CCB6}.Debug|x64.Build.0 = Debug|x64
		{B998D8BA-9C74-429F-A576-5EE6C6E8CCB6}.Debug|x86.ActiveCfg = Debug|Win32
		{B998D8BA-9C74-429F-A576-5EE6C6E8CCB6}.Debug|x86.Build.0 = Debug|Win32
		{B998D8BA-9C74-429F-A576-5EE6C6E8CCB6}.Debug-Dll|x64.ActiveCfg = Debug|x64
		{B998D8BA-9C74-429F-A576-5EE6C6E8CCB6}.Debug-Dll|x64.Build.0 = Debug|x64
		{B998D8BA-9C74-429F-A576-5EE6C6E8CCB6}.Debug-Dll|x86.ActiveCfg = Debug|Win32
		{B998D8BA-9C74-429F-A576-5EE6C6E8CCB6}.Debug-Dll|x86.Build.0 = Debug|Win32
		{B998D8BA-9C74-429F-A576-5EE6C6E8CCB6}.Debug-Lib|x64.ActiveCfg = Debug|x64
		{B998D8BA-9C74-429F-A576-5EE6C6E8CCB6}.Debug-Lib|x64.Build.0 = Debug|x64
		{B998D8BA-9C74-429F-A576-5EE6C6E8CCB6}.Debug-Lib|x86.ActiveCfg = Debug|Win32
		{B998D8BA-9C74-429F-A576-5EE6C6E8CCB6}.Debug-Lib|x86.Build.0 = Debug|Win32
		{B998D8BA-9C74-429F-A576-5EE6C6E8CCB6}.MinSizeRel|x64.ActiveCfg = Release|x64
		{B998D8BA-9C74-429F-A576-5EE6C6E8CCB6}.MinSizeRel|x64.Build.0 = Release|x64
		{B998D8BA-9C74-429F-A576-5EE6C6E8CCB6}.MinSizeRel|x86.ActiveCfg = Release|Win32
		{B998D8BA-9C74-429F-A576-5EE6C6E8CCB6}.MinSizeRel|x86.Build.0 = Release|Win32
		{B998D8BA-9C74-429F-A576-5EE6C6E8CCB6}.Release|x64.ActiveCfg = Release|x64
		{B998D8BA-9C74-429F-A576-5EE6C6E8CCB6}.Release|x64.Build.0 = Release|x64
		{B998D8BA-9C74-429F-A576-5EE6C6E8CCB6}.Release|x86.ActiveCfg = Release|Win32
		{B998D8BA-9C74-429F-A576-5EE6C6E8CCB6}.Release|x86.Build.0 = Release|Win32
		{B998D8BA-9C74-429F-A576-5EE6C6E8CCB6}.Release-Dll|x64.ActiveCfg = Release|x64
		{B998D8BA-9C74-429F-A576-5EE6C6E8CCB6}.Release-Dll|x64.Build.0 = Release|x64
		{B998D8BA-9C74-429F-A576-5EE6C6E8CCB6}.Release-Dll|x86.ActiveCfg = Release|Win32
		{B998D8BA-9C74-429F-A576-5EE6C6E8CCB6}.Release-Dll|x86.Build.0 = Release|Win32
		{B998D8BA-9C74-429F-A576-5EE6C6E8CCB6}.Release-Install|x64.ActiveCfg = Release|x64
		{B998D8BA-9C74-429F-A576-5EE6C6E8CCB6}.Release-Install|x64.Build.0 = Release|x64
		{B998D8BA-9C74-429F-A576-5EE6C6E8CCB6}.Release-Install|x86.ActiveCfg = Release|Win32
		{B998D8BA-9C74-429F-A576-5EE6C6E8CCB6}.Release-Install|x86.Build.0 = Release|Win32
		{B998D8BA-9C74-429F-A576-5EE6C6E8CCB6}.Release-Lib|x64.ActiveCfg = Release|x64
		{B998D8BA-9C74-429F-A576-5EE6C6E8CCB6}.Release-Lib|x64.Build.0 = Release|x64
		{B998D8BA-9C74-429F-A576-5EE6C6E8CCB6}.Release-Lib|x86.ActiveCfg = Release|Win32
		{B998D8BA-9C74-429F-A576-5EE6C6E8CCB6}.Release-Lib|x86.Build.0 = Release|Win32
		{B998D8BA-9C74-429F-A576-5EE6C6E8CCB6}.RelWithDebInfo|x64.ActiveCfg = Release|x64
		{B998D8BA-9C74-429F-A576-5EE6C6E8CCB6}.RelWithDebInfo|x64.Build.0 = Release|x64
		{B998D8BA-9C74-429F-A576-5EE6C6E8CCB6}.RelWithDebInfo|x86.ActiveCfg = Release|Win32
		{B998D8BA-9C74-429F-A576-5EE6C6E8CCB6}.RelWithDebInfo|x86.Build.0 = Release|Win32
		{D73AC684-AA40-42CB-825F-7CA3045AA023}.Debug|x64.ActiveCfg = Debug|x64
		{D73AC684-AA40-42CB-825F-7CA3045AA023}.Debug|x64.Build.0 = Debug|x64
		{D73AC684-AA40-42CB-825F-7CA3045AA023}.Debug|x86.ActiveCfg = Debug|Win32
		{D73AC684-AA40-42CB-825F-7CA3045AA023}.Debug|x86.Build.0 = Debug|Win32
		{D73AC684-AA40-42CB-825F-7CA3045AA023}.Debug-Dll|x64.ActiveCfg = Debug|x64
		{D73AC684-AA40-42CB-825F-7CA3045AA023}.Debug-Dll|x64.Build.0 = Debug|x64
		{D73AC684-AA40-42CB-825F-7CA3045AA023}.Debug-Dll|x86.ActiveCfg = Debug|Win32
		{D73AC684-AA40-42CB-825F-7CA3045AA023}.Debug-Dll|x86.Build.0 = Debug|Win32
		{D73AC684-AA40-42CB-825F-7CA3045AA023}.Debug-Lib|x64.ActiveCfg = Debug|x64
		{D73AC684-AA40-42CB-825F-7CA3045AA023}.Debug-Lib|x64.Build.0 = Debug|x64
		{D73AC684-AA40-42CB-825F-7CA3045AA023}.Debug-Lib|x86.ActiveCfg = Debug|Win32
		{D73AC684-AA40-42CB-825F-7CA3045AA023}.Debug-Lib|x86.Build.0 = Debug|Win32
		{D73AC684-AA40-42CB-825F-7CA3045AA023}.MinSizeRel|x64.ActiveCfg = Release|x64
		{D73AC684-AA40-42CB-825F-7CA3045AA023}.MinSizeRel|x64.Build.0 = Release|x64
		{D73AC684-AA40-42CB-825F-7CA3045AA023}.MinSizeRel|x86.ActiveCfg = Release|Win32
		{D73AC684-AA40-42CB-825F-7CA3045AA023}.MinSizeRel|x86.Build.0 = Release|Win32
		{D73AC684-AA40-42CB-825F-7CA3045AA023}.Release|x64.ActiveCfg = Release|x64
		{D73AC684-AA40-42CB-825F-7CA3045AA023}.Release|x64.Build.0 = Release|x64
		{D73AC684-AA40-42CB-825F-7CA3045AA023}.Release|x86.ActiveCfg = Release|Win32
		{D73AC684-AA40-42CB-825F-7CA3045AA023}.Release|x86.Build.0 = Release|Win32
		{D73AC684-AA40-42CB-825F-7CA3045AA023}.Release-Dll|x64.ActiveCfg = Release|x64
		{D73AC684-AA40-42CB-825F-7CA3045AA023}.Release-Dll|x64.Build.0 = Release|x64
		{D73AC684-AA40-42CB-825F-7CA3045AA023}.Release-Dll|x86.ActiveCfg = Release|Win32
		{D73AC684-AA40-42CB-825F-7CA3045AA023}.Release-Dll|x86.Build.0 = Release|Win32
		{D73AC684-AA40-42CB-825F-7CA3045AA023}.Release-Install|x64.ActiveCfg = Release|x64
		{D73AC684-AA40-42CB-825F-7CA3045AA023}.Release-Install|x64.Build.0 = Release|x64
		{D73AC684-AA40-42CB-825F-7CA3045AA023}.Release-Install|x86.ActiveCfg = Release|Win32
		{D73AC684-AA40-42CB-825F-7CA3045AA023}.Release-Install|x86.Build.0 = Release|Win32
		{D73AC684-AA40-42CB-825F-7CA3045AA023}.Release-Lib|x64.ActiveCfg = Release|x64
		{D73AC684-AA40-42CB-825F-7CA3045AA023}.Release-Lib|x64.Build.0 = Release|x64
		{D73AC684-AA40-42CB-825F-7CA3045AA023}.Release-Lib|x86.ActiveCfg = Release|Win32
		{D73AC684-AA40-42CB-825F-7CA3045AA023}.Release-Lib|x86.Build.0 = Release|Win32
		{D73AC684-AA40-42CB-825F-7CA3045AA023}.RelWithDebInfo|x64.ActiveCfg = Release|x64
		{D73AC684-AA40-42CB-825F-7CA3045AA023}.RelWithDebInfo|x64.Build.0 = Release|x64
		{D73AC684-AA40-42CB-825F-7CA3045AA023}.RelWithDebInfo|x86.ActiveCfg = Release|Win32
		{D73AC684-AA40-42CB-825F-7CA3045AA023}.RelWithDebInfo|x86.Build.0 = Release|Win32
		{1FBB26B4-BE1D-4C0D-B271-85B1E97F3C3D}.Debug|x64.ActiveCfg = Debug|x64
		{1FBB26B4-BE1D-4C0D-B271-85B1E97F3C3D}.Debug|x64.Build.0 = Debug|x64
		{1FBB26B4-BE1D-4C0D-B271-85B1E97F3C3D}.Debug|x86.ActiveCfg = Debug|Win32
		{1FBB26B4-BE1D-4C0D-B271-85B1E97F3C3D}.Debug|x86.Build.0 = Debug|Win32
		{1FBB26B4-BE1D-4C0D-B271-85B1E97F3C3D}.Debug-Dll|x64.ActiveCfg = Debug|x64
		{1FBB26B4-BE1D-4C0D-B271-85B1E97F3C3D}.Debug-Dll|x64.Build.0 = Debug|x64
		{1FBB26B4-BE1D-4C0D-B271-85B1E97F3C3D}.Debug-Dll|x86.ActiveCfg = Debug|Win32
		{1FBB26B4-BE1D-4C0D-B271-85B1E97F3C3D}.Debug-Dll|x86.Build.0 = Debug|Win32
		{1FBB26B4-BE1D-4C0D-B271-85B1E97F3C3D}.Debug-Lib|x64.ActiveCfg = Debug|x64
		{1FBB26B4-BE1D-4C0D-B271-85B1E97F3C3D}.Debug-Lib|x64.Build.0 = Debug|x64
		{1FBB26B4-BE1D-4C0D-B271-85B1E97F3C3D}.Debug-Lib|x86.ActiveCfg = Debug|Win32
		{1FBB26B4-BE1D-4C0D-B271-85B1E97F3C3D}.Debug-Lib|x86.Build.0 = Debug|Win32
		{1FBB26B4-BE1D-4C0D-B271-85B1E97F3C3D}.MinSizeRel|x64.ActiveCfg = Release|x64
		{1FBB26B4-BE1D-4C0D-B271-85B1E97F3C3D}.MinSizeRel|x64.Build.0 = Release|x64
		{1FBB26B4-BE1D-4C0D-B271-85B1E97F3C3D}.MinSizeRel|x86.ActiveCfg = Release|Win32
		{1FBB26B4-BE1D-4C0D-B271-85B1E97F3C3D}.MinSizeRel|x86.Build.0 = Release|Win32
		{1FBB26B4-BE1D-4C0D-B271-85B1E97F3C3D}.Release|x64.ActiveCfg = Release|x64
		{1FBB26B4-BE1D-4C0D-B271-85B1E97F3C3D}.Release|x64.Build.0 = Release|x64
		{1FBB26B4-BE1D-4C0D-B271-85B1E97F3C3D}.Release|x86.ActiveCfg = Release|Win32
		{1FBB26B4-BE1D-4C0D-B271-85B1E97F3C3D}.Release|x86.Build.0 = Release|Win32
		{1FBB26B4-BE1D-4C0D-B271-85B1E97F3C3D}.Release-Dll|x64.ActiveCfg = Release|x64
		{1FBB26B4-BE1D-4C0D-B271-85B1E97F3C3D}.Release-Dll|x64.Build.0 = Release|x64
		{1FBB26B4-BE1D-4C0D-B271-85B1E97F3C3D}.Release-Dll|x86.ActiveCfg = Release|Win32
		{1FBB26B4-BE1D-4C0D-B271-85B1E97F3C3D}.Release-Dll|x86.Build.0 = Release|Win32
		{1FBB26B4-BE1D-4C0D-B271-85B1E97F3C3D}.Release-Install|x64.ActiveCfg = Release|x64
		{1FBB26B4-BE1D-4C0D-B271-85B1E97F3C3D}.Release-Install|x64.Build.0 = Release|x64
		{1FBB26B4-BE1D-4C0D-B271-85B1E97F3C3D}.Release-Install|x86.ActiveCfg = Release|Win32
		{1FBB26B4-BE1D-4C0D-B271-85B1E97F3C3D}.Release-Install|x86.Build.0 = Release|Win32
		{1FBB26B4-BE1D-4C0D-B271-85B1E97F3C3D}.Release-Lib|x64.ActiveCfg = Release|x64
		{1FBB26B4-BE1D-4C0D-B271-85B1E97F3C3D}.Release-Lib|x64.Build.0 = Release|x64
		{1FBB26B4-BE1D-4C0D-B271-85B1E97F3C3D}.Release-Lib|x86.ActiveCfg = Release|Win32
		{1FBB26B4-BE1D-4C0D-B271-85B1E97F3C3D}.Release-Lib|x86.Build.0 = Release|Win32
		{1FBB26B4-BE1D-4C0D-B271-85B1E97F3C3D}.RelWithDebInfo|x64.ActiveCfg = Release|x64
		{1FBB26B4-BE1D-4C0D-B271-85B1E97F3C3D}.RelWithDebInfo|x64.Build.0 = Release|x64
		{1FBB26B4-BE1D-4C0D-B271-85B1E97F3C3D}.RelWithDebInfo|x86.ActiveCfg = Release|Win32
		{1FBB26B4-BE1D-4C0D-B271-85B1E97F3C3D}.RelWithDebInfo|x86.Build.0 = Release|Win32
		{AD16EEEB-39EB-43DB-A731-C034A908908D}.Debug|x64.ActiveCfg = Debug|x64
		{AD16EEEB-39EB-43DB-A731-C034A908908D}.Debug|x64.Build.0 = Debug|x64
		{AD16EEEB-39EB-43DB-A731-C034A908908D}.Debug|x86.ActiveCfg = Debug|Win32
		{AD16EEEB-39EB-43DB-A731-C034A908908D}.Debug|x86.Build.0 = Debug|Win32
		{AD16EEEB-39EB-43DB-A731-C034A908908D}.Debug-Dll|x64.ActiveCfg = Debug|x64
		{AD16EEEB-39EB-43DB-A731-C034A908908D}.Debug-Dll|x64.Build.0 = Debug|x64
		{AD16EEEB-39EB-43DB-A731-C034A908908D}.Debug-Dll|x86.ActiveCfg = Debug|Win32
		{AD16EEEB-39EB-43DB-A731-C034A908908D}.Debug-Dll|x86.Build.0 = Debug|Win32
		{AD16EEEB-39EB-43DB-A731-C034A908908D}.Debug-Lib|x64.ActiveCfg = Debug|x64
		{AD16EEEB-39EB-43DB-A731-C034A908908D}.Debug-Lib|x64.Build.0 = Debug|x64
		{AD16EEEB-39EB-43DB-A731-C034A908908D}.Debug-Lib|x86.ActiveCfg = Debug|Win32
		{AD16EEEB-39EB-43DB-A731-C034A908908D}.Debug-Lib|x86.Build.0 = Debug|Win32
		{AD16EEEB-39EB-43DB-A731-C034A908908D}.MinSizeRel|x64.ActiveCfg = Release|x64
		{AD16EEEB-39EB-43DB-A731-C034A908908D}.MinSizeRel|x64.Build.0 = Release|x64
		{AD16EEEB-39EB-43DB-A731-C034A908908D}.MinSizeRel|x86.ActiveCfg = Release|Win32
		{AD16EEEB-39EB-43DB-A731-C034A908908D}.MinSizeRel|x86.Build.0 = Release|Win32
		{AD16EEEB-39EB-43DB-A731-C034A908908D}.Release|x64.ActiveCfg = Release|x64
		{AD16EEEB-39EB-43DB-A731-C034A908908D}.Release|x64.Build.0 = Release|x64
		{AD16EEEB-39EB-43DB-A731-C034A908908D}.Release|x86.ActiveCfg = Release|Win32
		{AD16EEEB-39EB-43DB-A731-C034A908908D}.Release|x86.Build.0 = Release|Win32
		{AD16EEEB-39EB-43DB-A731-C034A908908D}.Release-Dll|x64.ActiveCfg = Release|x64
		{AD16EEEB-39EB-43DB-A731-C034A908908D}.Release-Dll|x64.Build.0 = Release|x64
		{AD16EEEB-39EB-43DB-A731-C034A908908D}.Release-Dll|x86.ActiveCfg = Release|Win32
		{AD16EEEB-39EB-43DB-A731-C034A908908D}.Release-Dll|x86.Build.0 = Release|Win32
		{AD16EEEB-39EB-43DB-A731-C034A908908D}.Release-Install|x64.ActiveCfg = Release|x64
		{AD16EEEB-39EB-43DB-A731-C034A908908D}.Release-Install|x64.Build.0 = Release|x64
		{AD16EEEB-39EB-43DB-A731-C034A908908D}.Release-Install|x86.ActiveCfg = Release|Win32
		{AD16EEEB-39EB-43DB-A731-C034A908908D}.Release-Install|x86.Build.0 = Release|Win32
		{AD16EEEB-39EB-43DB-A731-C034A908908D}.Release-Lib|x64.ActiveCfg = Release|x64
		{AD16EEEB-39EB-43DB-A731-C034A908908D}.Release-Lib|x64.Build.0 = Release|x64
		{AD16EEEB-39EB-43DB-A731-C034A908908D}.Release-Lib|x86.ActiveCfg = Release|Win32
		{AD16EEEB-39EB-43DB-A731-C034A908908D}.Release-Lib|x86.Build.0 = Release|Win32
		{AD16EEEB-39EB-43DB-A731-C034A908908D}.RelWithDebInfo|x64.ActiveCfg = Release|x64
		{AD16EEEB-39EB-43DB-A731-C034A908908D}.RelWithDebInfo|x64.Build.0 = Release|x64
		{AD16EEEB-39EB-43DB-A731-C034A908908D}.RelWithDebInfo|x86.ActiveCfg = Release|Win32
		{AD16EEEB-39EB-43DB-A731-C034A908908D}.RelWithDebInfo|x86.Build.0 = Release|Win32
		{6389DEAF-9349-36A9-93EC-153485B5DC78}.Debug|x64.ActiveCfg = Debug|Win32
		{6389DEAF-9349-36A9-93EC-153485B5DC78}.Debug|x86.ActiveCfg = Debug|Win32
		{6389DEAF-9349-36A9-93EC-153485B5DC78}.Debug|x86.Build.0 = Debug|Win32
		{6389DEAF-9349-36A9-93EC-153485B5DC78}.Debug-Dll|x64.ActiveCfg = Debug|Win32
		{6389DEAF-9349-36A9-93EC-153485B5DC78}.Debug-Dll|x64.Build.0 = Debug|Win32
		{6389DEAF-9349-36A9-93EC-153485B5DC78}.Debug-Dll|x86.ActiveCfg = Debug|Win32
		{6389DEAF-9349-36A9-93EC-153485B5DC78}.Debug-Dll|x86.Build.0 = Debug|Win32
		{6389DEAF-9349-36A9-93EC-153485B5DC78}.Debug-Lib|x64.ActiveCfg = Debug|Win32
		{6389DEAF-9349-36A9-93EC-153485B5DC78}.Debug-Lib|x64.Build.0 = Debug|Win32
		{6389DEAF-9349-36A9-93EC-153485B5DC78}.Debug-Lib|x86.ActiveCfg = Debug|Win32
		{6389DEAF-9349-36A9-93EC-153485B5DC78}.Debug-Lib|x86.Build.0 = Debug|Win32
		{6389DEAF-9349-36A9-93EC-153485B5DC78}.MinSizeRel|x64.ActiveCfg = MinSizeRel|Win32
		{6389DEAF-9349-36A9-93EC-153485B5DC78}.MinSizeRel|x86.ActiveCfg = MinSizeRel|Win32
		{6389DEAF-9349-36A9-93EC-153485B5DC78}.MinSizeRel|x86.Build.0 = MinSizeRel|Win32
		{6389DEAF-9349-36A9-93EC-153485B5DC78}.Release|x64.ActiveCfg = Release|Win32
		{6389DEAF-9349-36A9-93EC-153485B5DC78}.Release|x86.ActiveCfg = Release|Win32
		{6389DEAF-9349-36A9-93EC-153485B5DC78}.Release|x86.Build.0 = Release|Win32
		{6389DEAF-9349-36A9-93EC-153485B5DC78}.Release-Dll|x64.ActiveCfg = Debug|Win32
		{6389DEAF-9349-36A9-93EC-153485B5DC78}.Release-Dll|x64.Build.0 = Debug|Win32
		{6389DEAF-9349-36A9-93EC-153485B5DC78}.Release-Dll|x86.ActiveCfg = Release|Win32
		{6389DEAF-9349-36A9-93EC-153485B5DC78}.Release-Dll|x86.Build.0 = Release|Win32
		{6389DEAF-9349-36A9-93EC-153485B5DC78}.Release-Install|x64.ActiveCfg = Debug|Win32
		{6389DEAF-9349-36A9-93EC-153485B5DC78}.Release-Install|x64.Build.0 = Debug|Win32
		{6389DEAF-9349-36A9-93EC-153485B5DC78}.Release-Install|x86.ActiveCfg = Release|Win32
		{6389DEAF-9349-36A9-93EC-153485B5DC78}.Release-Install|x86.Build.0 = Release|Win32
		{6389DEAF-9349-36A9-93EC-153485B5DC78}.Release-Lib|x64.ActiveCfg = Debug|Win32
		{6389DEAF-9349-36A9-93EC-153485B5DC78}.Release-Lib|x64.Build.0 = Debug|Win32
		{6389DEAF-9349-36A9-93EC-153485B5DC78}.Release-Lib|x86.ActiveCfg = Release|Win32
		{6389DEAF-9349-36A9-93EC-153485B5DC78}.Release-Lib|x86.Build.0 = Release|Win32
		{6389DEAF-9349-36A9-93EC-153485B5DC78}.RelWithDebInfo|x64.ActiveCfg = RelWithDebInfo|Win32
		{6389DEAF-9349-36A9-93EC-153485B5DC78}.RelWithDebInfo|x86.ActiveCfg = RelWithDebInfo|Win32
		{6389DEAF-9349-36A9-93EC-153485B5DC78}.RelWithDebInfo|x86.Build.0 = RelWithDebInfo|Win32
		{E9E56B71-455E-3047-BDE2-9A23331CC089}.Debug|x64.ActiveCfg = Debug|Win32
		{E9E56B71-455E-3047-BDE2-9A23331CC089}.Debug|x86.ActiveCfg = Debug|Win32
		{E9E56B71-455E-3047-BDE2-9A23331CC089}.Debug|x86.Build.0 = Debug|Win32
		{E9E56B71-455E-3047-BDE2-9A23331CC089}.Debug-Dll|x64.ActiveCfg = Debug|Win32
		{E9E56B71-455E-3047-BDE2-9A23331CC089}.Debug-Dll|x64.Build.0 = Debug|Win32
		{E9E56B71-455E-3047-BDE2-9A23331CC089}.Debug-Dll|x86.ActiveCfg = Debug|Win32
		{E9E56B71-455E-3047-BDE2-9A23331CC089}.Debug-Dll|x86.Build.0 = Debug|Win32
		{E9E56B71-455E-3047-BDE2-9A23331CC089}.Debug-Lib|x64.ActiveCfg = Debug|Win32
		{E9E56B71-455E-3047-BDE2-9A23331CC089}.Debug-Lib|x64.Build.0 = Debug|Win32
		{E9E56B71-455E-3047-BDE2-9A23331CC089}.Debug-Lib|x86.ActiveCfg = Debug|Win32
		{E9E56B71-455E-3047-BDE2-9A23331CC089}.Debug-Lib|x86.Build.0 = Debug|Win32
		{E9E56B71-455E-3047-BDE2-9A23331CC089}.MinSizeRel|x64.ActiveCfg = MinSizeRel|Win32
		{E9E56B71-455E-3047-BDE2-9A23331CC089}.MinSizeRel|x86.ActiveCfg = MinSizeRel|Win32
		{E9E56B71-455E-3047-BDE2-9A23331CC089}.MinSizeRel|x86.Build.0 = MinSizeRel|Win32
		{E9E56B71-455E-3047-BDE2-9A23331CC089}.Release|x64.ActiveCfg = Release|Win32
		{E9E56B71-455E-3047-BDE2-9A23331CC089}.Release|x86.ActiveCfg = Release|Win32
		{E9E56B71-455E-3047-BDE2-9A23331CC089}.Release|x86.Build.0 = Release|Win32
		{E9E56B71-455E-3047-BDE2-9A23331CC089}.Release-Dll|x64.ActiveCfg = Debug|Win32
		{E9E56B71-455E-3047-BDE2-9A23331CC089}.Release-Dll|x64.Build.0 = Debug|Win32
		{E9E56B71-455E-3047-BDE2-9A23331CC089}.Release-Dll|x86.ActiveCfg = Release|Win32
		{E9E56B71-455E-3047-BDE2-9A23331CC089}.Release-Dll|x86.Build.0 = Release|Win32
		{E9E56B71-455E-3047-BDE2-9A23331CC089}.Release-Install|x64.ActiveCfg = Debug|Win32
		{E9E56B71-455E-3047-BDE2-9A23331CC089}.Release-Install|x64.Build.0 = Debug|Win32
		{E9E56B71-455E-3047-BDE2-9A23331CC089}.Release-Install|x86.ActiveCfg = Release|Win32
		{E9E56B71-455E-3047-BDE2-9A23331CC089}.Release-Install|x86.Build.0 = Release|Win32
		{E9E56B71-455E-3047-BDE2-9A23331CC089}.Release-Lib|x64.ActiveCfg = Debug|Win32
		{E9E56B71-455E-3047-BDE2-9A23331CC089}.Release-Lib|x64.Build.0 = Debug|Win32
		{E9E56B71-455E-3047-BDE2-9A23331CC089}.Release-Lib|x86.ActiveCfg = Release|Win32
		{E9E56B71-455E-3047-BDE2-9A23331CC089}.Release-Lib|x86.Build.0 = Release|Win32
		{E9E56B71-455E-3047-BDE2-9A23331CC089}.RelWithDebInfo|x64.ActiveCfg = RelWithDebInfo|Win32
		{E9E56B71-455E-3047-BDE2-9A23331CC089}.RelWithDebInfo|x86.ActiveCfg = RelWithDebInfo|Win32
		{E9E56B71-455E-3047-BDE2-9A23331CC089}.RelWithDebInfo|x86.Build.0 = RelWithDebInfo|Win32
		{B9B79D8D-D896-33AA-99C4-BE1C78068A10}.Debug|x64.ActiveCfg = Debug|Win32
		{B9B79D8D-D896-33AA-99C4-BE1C78068A10}.Debug|x86.ActiveCfg = Debug|Win32
		{B9B79D8D-D896-33AA-99C4-BE1C78068A10}.Debug|x86.Build.0 = Debug|Win32
		{B9B79D8D-D896-33AA-99C4-BE1C78068A10}.Debug-Dll|x64.ActiveCfg = Debug|Win32
		{B9B79D8D-D896-33AA-99C4-BE1C78068A10}.Debug-Dll|x64.Build.0 = Debug|Win32
		{B9B79D8D-D896-33AA-99C4-BE1C78068A10}.Debug-Dll|x86.ActiveCfg = Debug|Win32
		{B9B79D8D-D896-33AA-99C4-BE1C78068A10}.Debug-Dll|x86.Build.0 = Debug|Win32
		{B9B79D8D-D896-33AA-99C4-BE1C78068A10}.Debug-Lib|x64.ActiveCfg = Debug|Win32
		{B9B79D8D-D896-33AA-99C4-BE1C78068A10}.Debug-Lib|x64.Build.0 = Debug|Win32
		{B9B79D8D-D896-33AA-99C4-BE1C78068A10}.Debug-Lib|x86.ActiveCfg = Debug|Win32
		{B9B79D8D-D896-33AA-99C4-BE1C78068A10}.Debug-Lib|x86.Build.0 = Debug|Win32
		{B9B79D8D-D896-33AA-99C4-BE1C78068A10}.MinSizeRel|x64.ActiveCfg = MinSizeRel|Win32
		{B9B79D8D-D896-33AA-99C4-BE1C78068A10}.MinSizeRel|x86.ActiveCfg = MinSizeRel|Win32
		{B9B79D8D-D896-33AA-99C4-BE1C78068A10}.MinSizeRel|x86.Build.0 = MinSizeRel|Win32
		{B9B79D8D-D896-33AA-99C4-BE1C78068A10}.Release|x64.ActiveCfg = Release|Win32
		{B9B79D8D-D896-33AA-99C4-BE1C78068A10}.Release|x86.ActiveCfg = Release|Win32
		{B9B79D8D-D896-33AA-99C4-BE1C78068A10}.Release|x86.Build.0 = Release|Win32
		{B9B79D8D-D896-33AA-99C4-BE1C78068A10}.Release-Dll|x64.ActiveCfg = Debug|Win32
		{B9B79D8D-D896-33AA-99C4-BE1C78068A10}.Release-Dll|x64.Build.0 = Debug|Win32
		{B9B79D8D-D896-33AA-99C4-BE1C78068A10}.Release-Dll|x86.ActiveCfg = Release|Win32
		{B9B79D8D-D896-33AA-99C4-BE1C78068A10}.Release-Dll|x86.Build.0 = Release|Win32
		{B9B79D8D-D896-33AA-99C4-BE1C78068A10}.Release-Install|x64.ActiveCfg = Debug|Win32
		{B9B79D8D-D896-33AA-99C4-BE1C78068A10}.Release-Install|x64.Build.0 = Debug|Win32
		{B9B79D8D-D896-33AA-99C4-BE1C78068A10}.Release-Install|x86.ActiveCfg = Release|Win32
		{B9B79D8D-D896-33AA-99C4-BE1C78068A10}.Release-Install|x86.Build.0 = Release|Win32
		{B9B79D8D-D896-33AA-99C4-BE1C78068A10}.Release-Lib|x64.ActiveCfg = Debug|Win32
		{B9B79D8D-D896-33AA-99C4-BE1C78068A10}.Release-Lib|x64.Build.0 = Debug|Win32
		{B9B79D8D-D896-33AA-99C4-BE1C78068A10}.Release-Lib|x86.ActiveCfg = Release|Win32
		{B9B79D8D-D896-33AA-99C4-BE1C78068A10}.Release-Lib|x86.Build.0 = Release|Win32
		{B9B79D8D-D896-33AA-99C4-BE1C78068A10}.RelWithDebInfo|x64.ActiveCfg = RelWithDebInfo|Win32
		{B9B79D8D-D896-33AA-99C4-BE1C78068A10}.RelWithDebInfo|x86.ActiveCfg = RelWithDebInfo|Win32
		{B9B79D8D-D896-33AA-99C4-BE1C78068A10}.RelWithDebInfo|x86.Build.0 = RelWithDebInfo|Win32
		{3CFA437D-5C86-3417-B0B6-4C5850EC12DC}.Debug|x64.ActiveCfg = Debug|Win32
		{3CFA437D-5C86-3417-B0B6-4C5850EC12DC}.Debug|x86.ActiveCfg = Debug|Win32
		{3CFA437D-5C86-3417-B0B6-4C5850EC12DC}.Debug|x86.Build.0 = Debug|Win32
		{3CFA437D-5C86-3417-B0B6-4C5850EC12DC}.Debug-Dll|x64.ActiveCfg = Debug|Win32
		{3CFA437D-5C86-3417-B0B6-4C5850EC12DC}.Debug-Dll|x64.Build.0 = Debug|Win32
		{3CFA437D-5C86-3417-B0B6-4C5850EC12DC}.Debug-Dll|x86.ActiveCfg = Debug|Win32
		{3CFA437D-5C86-3417-B0B6-4C5850EC12DC}.Debug-Dll|x86.Build.0 = Debug|Win32
		{3CFA437D-5C86-3417-B0B6-4C5850EC12DC}.Debug-Lib|x64.ActiveCfg = Debug|Win32
		{3CFA437D-5C86-3417-B0B6-4C5850EC12DC}.Debug-Lib|x64.Build.0 = Debug|Win32
		{3CFA437D-5C86-3417-B0B6-4C5850EC12DC}.Debug-Lib|x86.ActiveCfg = Debug|Win32
		{3CFA437D-5C86-3417-B0B6-4C5850EC12DC}.Debug-Lib|x86.Build.0 = Debug|Win32
		{3CFA437D-5C86-3417-B0B6-4C5850EC12DC}.MinSizeRel|x64.ActiveCfg = MinSizeRel|Win32
		{3CFA437D-5C86-3417-B0B6-4C5850EC12DC}.MinSizeRel|x86.ActiveCfg = MinSizeRel|Win32
		{3CFA437D-5C86-3417-B0B6-4C5850EC12DC}.MinSizeRel|x86.Build.0 = MinSizeRel|Win32
		{3CFA437D-5C86-3417-B0B6-4C5850EC12DC}.Release|x64.ActiveCfg = Release|Win32
		{3CFA437D-5C86-3417-B0B6-4C5850EC12DC}.Release|x86.ActiveCfg = Release|Win32
		{3CFA437D-5C86-3417-B0B6-4C5850EC12DC}.Release|x86.Build.0 = Release|Win32
		{3CFA437D-5C86-3417-B0B6-4C5850EC12DC}.Release-Dll|x64.ActiveCfg = Debug|Win32
		{3CFA437D-5C86-3417-B0B6-4C5850EC12DC}.Release-Dll|x64.Build.0 = Debug|Win32
		{3CFA437D-5C86-3417-B0B6-4C5850EC12DC}.Release-Dll|x86.ActiveCfg = Release|Win32
		{3CFA437D-5C86-3417-B0B6-4C5850EC12DC}.Release-Dll|x86.Build.0 = Release|Win32
		{3CFA437D-5C86-3417-B0B6-4C5850EC12DC}.Release-Install|x64.ActiveCfg = Debug|Win32
		{3CFA437D-5C86-3417-B0B6-4C5850EC12DC}.Release-Install|x64.Build.0 = Debug|Win32
		{3CFA437D-5C86-3417-B0B6-4C5850EC12DC}.Release-Install|x86.ActiveCfg = Release|Win32
		{3CFA437D-5C86-3417-B0B6-4C5850EC12DC}.Release-Install|x86.Build.0 = Release|Win32
		{3CFA437D-5C86-3417-B0B6-4C5850EC12DC}.Release-Lib|x64.ActiveCfg = Debug|Win32
		{3CFA437D-5C86-3417-B0B6-4C5850EC12DC}.Release-Lib|x64.Build.0 = Debug|Win32
		{3CFA437D-5C86-3417-B0B6-4C5850EC12DC}.Release-Lib|x86.ActiveCfg = Release|Win32
		{3CFA437D-5C86-3417-B0B6-4C5850EC12DC}.Release-Lib|x86.Build.0 = Release|Win32
		{3CFA437D-5C86-3417-B0B6-4C5850EC12DC}.RelWithDebInfo|x64.ActiveCfg = RelWithDebInfo|Win32
		{3CFA437D-5C86-3417-B0B6-4C5850EC12DC}.RelWithDebInfo|x86.ActiveCfg = RelWithDebInfo|Win32
		{3CFA437D-5C86-3417-B0B6-4C5850EC12DC}.RelWithDebInfo|x86.Build.0 = RelWithDebInfo|Win32
		{D437DDF5-09A0-3C13-AD30-2D5390962E9A}.Debug|x64.ActiveCfg = Debug|Win32
		{D437DDF5-09A0-3C13-AD30-2D5390962E9A}.Debug|x86.ActiveCfg = Debug|Win32
		{D437DDF5-09A0-3C13-AD30-2D5390962E9A}.Debug|x86.Build.0 = Debug|Win32
		{D437DDF5-09A0-3C13-AD30-2D5390962E9A}.Debug-Dll|x64.ActiveCfg = Debug|Win32
		{D437DDF5-09A0-3C13-AD30-2D5390962E9A}.Debug-Dll|x64.Build.0 = Debug|Win32
		{D437DDF5-09A0-3C13-AD30-2D5390962E9A}.Debug-Dll|x86.ActiveCfg = Debug|Win32
		{D437DDF5-09A0-3C13-AD30-2D5390962E9A}.Debug-Dll|x86.Build.0 = Debug|Win32
		{D437DDF5-09A0-3C13-AD30-2D5390962E9A}.Debug-Lib|x64.ActiveCfg = Debug|Win32
		{D437DDF5-09A0-3C13-AD30-2D5390962E9A}.Debug-Lib|x64.Build.0 = Debug|Win32
		{D437DDF5-09A0-3C13-AD30-2D5390962E9A}.Debug-Lib|x86.ActiveCfg = Debug|Win32
		{D437DDF5-09A0-3C13-AD30-2D5390962E9A}.Debug-Lib|x86.Build.0 = Debug|Win32
		{D437DDF5-09A0-3C13-AD30-2D5390962E9A}.MinSizeRel|x64.ActiveCfg = MinSizeRel|Win32
		{D437DDF5-09A0-3C13-AD30-2D5390962E9A}.MinSizeRel|x86.ActiveCfg = MinSizeRel|Win32
		{D437DDF5-09A0-3C13-AD30-2D5390962E9A}.MinSizeRel|x86.Build.0 = MinSizeRel|Win32
		{D437DDF5-09A0-3C13-AD30-2D5390962E9A}.Release|x64.ActiveCfg = Release|Win32
		{D437DDF5-09A0-3C13-AD30-2D5390962E9A}.Release|x86.ActiveCfg = Release|Win32
		{D437DDF5-09A0-3C13-AD30-2D5390962E9A}.Release|x86.Build.0 = Release|Win32
		{D437DDF5-09A0-3C13-AD30-2D5390962E9A}.Release-Dll|x64.ActiveCfg = Debug|Win32
		{D437DDF5-09A0-3C13-AD30-2D5390962E9A}.Release-Dll|x64.Build.0 = Debug|Win32
		{D437DDF5-09A0-3C13-AD30-2D5390962E9A}.Release-Dll|x86.ActiveCfg = Release|Win32
		{D437DDF5-09A0-3C13-AD30-2D5390962E9A}.Release-Dll|x86.Build.0 = Release|Win32
		{D437DDF5-09A0-3C13-AD30-2D5390962E9A}.Release-Install|x64.ActiveCfg = Debug|Win32
		{D437DDF5-09A0-3C13-AD30-2D5390962E9A}.Release-Install|x64.Build.0 = Debug|Win32
		{D437DDF5-09A0-3C13-AD30-2D5390962E9A}.Release-Install|x86.ActiveCfg = Release|Win32
		{D437DDF5-09A0-3C13-AD30-2D5390962E9A}.Release-Install|x86.Build.0 = Release|Win32
		{D437DDF5-09A0-3C13-AD30-2D5390962E9A}.Release-Lib|x64.ActiveCfg = Debug|Win32
		{D437DDF5-09A0-3C13-AD30-2D5390962E9A}.Release-Lib|x64.Build.0 = Debug|Win32
		{D437DDF5-09A0-3C13-AD30-2D5390962E9A}.Release-Lib|x86.ActiveCfg = Release|Win32
		{D437DDF5-09A0-3C13-AD30-2D5390962E9A}.Release-Lib|x86.Build.0 = Release|Win32
		{D437DDF5-09A0-3C13-AD30-2D5390962E9A}.RelWithDebInfo|x64.ActiveCfg = RelWithDebInfo|Win32
		{D437DDF5-09A0-3C13-AD30-2D5390962E9A}.RelWithDebInfo|x86.ActiveCfg = RelWithDebInfo|Win32
		{D437DDF5-09A0-3C13-AD30-2D5390962E9A}.RelWithDebInfo|x86.Build.0 = RelWithDebInfo|Win32
		{67500813-239A-3DC5-A6A7-AA3247DFBFF7}.Debug|x64.ActiveCfg = Debug|Win32
		{67500813-239A-3DC5-A6A7-AA3247DFBFF7}.Debug|x86.ActiveCfg = Debug|Win32
		{67500813-239A-3DC5-A6A7-AA3247DFBFF7}.Debug|x86.Build.0 = Debug|Win32
		{67500813-239A-3DC5-A6A7-AA3247DFBFF7}.Debug-Dll|x64.ActiveCfg = Debug|Win32
		{67500813-239A-3DC5-A6A7-AA3247DFBFF7}.Debug-Dll|x64.Build.0 = Debug|Win32
		{67500813-239A-3DC5-A6A7-AA3247DFBFF7}.Debug-Dll|x86.ActiveCfg = Debug|Win32
		{67500813-239A-3DC5-A6A7-AA3247DFBFF7}.Debug-Dll|x86.Build.0 = Debug|Win32
		{67500813-239A-3DC5-A6A7-AA3247DFBFF7}.Debug-Lib|x64.ActiveCfg = Debug|Win32
		{67500813-239A-3DC5-A6A7-AA3247DFBFF7}.Debug-Lib|x64.Build.0 = Debug|Win32
		{67500813-239A-3DC5-A6A7-AA3247DFBFF7}.Debug-Lib|x86.ActiveCfg = Debug|Win32
		{67500813-239A-3DC5-A6A7-AA3247DFBFF7}.Debug-Lib|x86.Build.0 = Debug|Win32
		{67500813-239A-3DC5-A6A7-AA3247DFBFF7}.MinSizeRel|x64.ActiveCfg = MinSizeRel|Win32
		{67500813-239A-3DC5-A6A7-AA3247DFBFF7}.MinSizeRel|x86.ActiveCfg = MinSizeRel|Win32
		{67500813-239A-3DC5-A6A7-AA3247DFBFF7}.MinSizeRel|x86.Build.0 = MinSizeRel|Win32
		{67500813-239A-3DC5-A6A7-AA3247DFBFF7}.Release|x64.ActiveCfg = Release|Win32
		{67500813-239A-3DC5-A6A7-AA3247DFBFF7}.Release|x86.ActiveCfg = Release|Win32
		{67500813-239A-3DC5-A6A7-AA3247DFBFF7}.Release|x86.Build.0 = Release|Win32
		{67500813-239A-3DC5-A6A7-AA3247DFBFF7}.Release-Dll|x64.ActiveCfg = Debug|Win32
		{67500813-239A-3DC5-A6A7-AA3247DFBFF7}.Release-Dll|x64.Build.0 = Debug|Win32
		{67500813-239A-3DC5-A6A7-AA3247DFBFF7}.Release-Dll|x86.ActiveCfg = Release|Win32
		{67500813-239A-3DC5-A6A7-AA3247DFBFF7}.Release-Dll|x86.Build.0 = Release|Win32
		{67500813-239A-3DC5-A6A7-AA3247DFBFF7}.Release-Install|x64.ActiveCfg = Debug|Win32
		{67500813-239A-3DC5-A6A7-AA3247DFBFF7}.Release-Install|x64.Build.0 = Debug|Win32
		{67500813-239A-3DC5-A6A7-AA3247DFBFF7}.Release-Install|x86.ActiveCfg = Release|Win32
		{67500813-239A-3DC5-A6A7-AA3247DFBFF7}.Release-Install|x86.Build.0 = Release|Win32
		{67500813-239A-3DC5-A6A7-AA3247DFBFF7}.Release-Lib|x64.ActiveCfg = Debug|Win32
		{67500813-239A-3DC5-A6A7-AA3247DFBFF7}.Release-Lib|x64.Build.0 = Debug|Win32
		{67500813-239A-3DC5-A6A7-AA3247DFBFF7}.Release-Lib|x86.ActiveCfg = Release|Win32
		{67500813-239A-3DC5-A6A7-AA3247DFBFF7}.Release-Lib|x86.Build.0 = Release|Win32
		{67500813-239A-3DC5-A6A7-AA3247DFBFF7}.RelWithDebInfo|x64.ActiveCfg = RelWithDebInfo|Win32
		{67500813-239A-3DC5-A6A7-AA3247DFBFF7}.RelWithDebInfo|x86.ActiveCfg = RelWithDebInfo|Win32
		{67500813-239A-3DC5-A6A7-AA3247DFBFF7}.RelWithDebInfo|x86.Build.0 = RelWithDebInfo|Win32
		{30C8AEEA-9F9C-4D4C-9AEC-9402E8961540}.Debug|x64.ActiveCfg = Debug|x64
		{30C8AEEA-9F9C-4D4C-9AEC-9402E8961540}.Debug|x64.Build.0 = Debug|x64
		{30C8AEEA-9F9C-4D4C-9AEC-9402E8961540}.Debug|x86.ActiveCfg = Debug|Win32
		{30C8AEEA-9F9C-4D4C-9AEC-9402E8961540}.Debug|x86.Build.0 = Debug|Win32
		{30C8AEEA-9F9C-4D4C-9AEC-9402E8961540}.Debug-Dll|x64.ActiveCfg = Debug|x64
		{30C8AEEA-9F9C-4D4C-9AEC-9402E8961540}.Debug-Dll|x64.Build.0 = Debug|x64
		{30C8AEEA-9F9C-4D4C-9AEC-9402E8961540}.Debug-Dll|x86.ActiveCfg = Debug|Win32
		{30C8AEEA-9F9C-4D4C-9AEC-9402E8961540}.Debug-Dll|x86.Build.0 = Debug|Win32
		{30C8AEEA-9F9C-4D4C-9AEC-9402E8961540}.Debug-Lib|x64.ActiveCfg = Debug|x64
		{30C8AEEA-9F9C-4D4C-9AEC-9402E8961540}.Debug-Lib|x64.Build.0 = Debug|x64
		{30C8AEEA-9F9C-4D4C-9AEC-9402E8961540}.Debug-Lib|x86.ActiveCfg = Debug|Win32
		{30C8AEEA-9F9C-4D4C-9AEC-9402E8961540}.Debug-Lib|x86.Build.0 = Debug|Win32
		{30C8AEEA-9F9C-4D4C-9AEC-9402E8961540}.MinSizeRel|x64.ActiveCfg = Debug|x64
		{30C8AEEA-9F9C-4D4C-9AEC-9402E8961540}.MinSizeRel|x64.Build.0 = Debug|x64
		{30C8AEEA-9F9C-4D4C-9AEC-9402E8961540}.MinSizeRel|x86.ActiveCfg = Debug|Win32
		{30C8AEEA-9F9C-4D4C-9AEC-9402E8961540}.MinSizeRel|x86.Build.0 = Debug|Win32
		{30C8AEEA-9F9C-4D4C-9AEC-9402E8961540}.Release|x64.ActiveCfg = Release|x64
		{30C8AEEA-9F9C-4D4C-9AEC-9402E8961540}.Release|x64.Build.0 = Release|x64
		{30C8AEEA-9F9C-4D4C-9AEC-9402E8961540}.Release|x86.ActiveCfg = Release|Win32
		{30C8AEEA-9F9C-4D4C-9AEC-9402E8961540}.Release|x86.Build.0 = Release|Win32
		{30C8AEEA-9F9C-4D4C-9AEC-9402E8961540}.Release-Dll|x64.ActiveCfg = Release|x64
		{30C8AEEA-9F9C-4D4C-9AEC-9402E8961540}.Release-Dll|x64.Build.0 = Release|x64
		{30C8AEEA-9F9C-4D4C-9AEC-9402E8961540}.Release-Dll|x86.ActiveCfg = Release|Win32
		{30C8AEEA-9F9C-4D4C-9AEC-9402E8961540}.Release-Dll|x86.Build.0 = Release|Win32
		{30C8AEEA-9F9C-4D4C-9AEC-9402E8961540}.Release-Install|x64.ActiveCfg = Release|x64
		{30C8AEEA-9F9C-4D4C-9AEC-9402E8961540}.Release-Install|x64.Build.0 = Release|x64
		{30C8AEEA-9F9C-4D4C-9AEC-9402E8961540}.Release-Install|x86.ActiveCfg = Release|Win32
		{30C8AEEA-9F9C-4D4C-9AEC-9402E8961540}.Release-Install|x86.Build.0 = Release|Win32
		{30C8AEEA-9F9C-4D4C-9AEC-9402E8961540}.Release-Lib|x64.ActiveCfg = Release|x64
		{30C8AEEA-9F9C-4D4C-9AEC-9402E8961540}.Release-Lib|x64.Build.0 = Release|x64
		{30C8AEEA-9F9C-4D4C-9AEC-9402E8961540}.Release-Lib|x86.ActiveCfg = Release|Win32
		{30C8AEEA-9F9C-4D4C-9AEC-9402E8961540}.Release-Lib|x86.Build.0 = Release|Win32
		{30C8AEEA-9F9C-4D4C-9AEC-9402E8961540}.RelWithDebInfo|x64.ActiveCfg = Release|x64
		{30C8AEEA-9F9C-4D4C-9AEC-9402E8961540}.RelWithDebInfo|x64.Build.0 = Release|x64
		{30C8AEEA-9F9C-4D4C-9AEC-9402E8961540}.RelWithDebInfo|x86.ActiveCfg = Release|Win32
		{30C8AEEA-9F9C-4D4C-9AEC-9402E8961540}.RelWithDebInfo|x86.Build.0 = Release|Win32
	EndGlobalSection
	GlobalSection(SolutionProperties) = preSolution
		HideSolutionNode = FALSE
	EndGlobalSection
	GlobalSection(NestedProjects) = preSolution
		{6389DEAF-9349-36A9-93EC-153485B5DC78} = {E6476DA9-CDD3-4C14-AEAC-9827464634E6}
		{E9E56B71-455E-3047-BDE2-9A23331CC089} = {E6476DA9-CDD3-4C14-AEAC-9827464634E6}
		{B9B79D8D-D896-33AA-99C4-BE1C78068A10} = {E6476DA9-CDD3-4C14-AEAC-9827464634E6}
		{3CFA437D-5C86-3417-B0B6-4C5850EC12DC} = {E6476DA9-CDD3-4C14-AEAC-9827464634E6}
		{D437DDF5-09A0-3C13-AD30-2D5390962E9A} = {E6476DA9-CDD3-4C14-AEAC-9827464634E6}
		{67500813-239A-3DC5-A6A7-AA3247DFBFF7} = {E6476DA9-CDD3-4C14-AEAC-9827464634E6}
	EndGlobalSection
	GlobalSection(ExtensibilityGlobals) = postSolution
		SolutionGuid = {53D5C6C2-D398-4C17-A5DC-AB01B7C576BC}
	EndGlobalSection
EndGlobal
