<?xml version="1.0" encoding="utf-8"?>
<Project ToolsVersion="4.0" xmlns="http://schemas.microsoft.com/developer/msbuild/2003">
  <ItemGroup>
    <Filter Include="Source Files">
      <UniqueIdentifier>{4FC737F1-C7A5-4376-A066-2A32D752A2FF}</UniqueIdentifier>
      <Extensions>cpp;c;cc;cxx;c++;cppm;ixx;def;odl;idl;hpj;bat;asm;asmx</Extensions>
    </Filter>
    <Filter Include="Header Files">
      <UniqueIdentifier>{93995380-89BD-4b04-88EB-625FBE52EBFB}</UniqueIdentifier>
      <Extensions>h;hh;hpp;hxx;h++;hm;inl;inc;ipp;xsd</Extensions>
    </Filter>
    <Filter Include="Resource Files">
      <UniqueIdentifier>{67DA6AB6-F800-4c08-8B7A-83BB121AAD01}</UniqueIdentifier>
      <Extensions>rc;ico;cur;bmp;dlg;rc2;rct;bin;rgs;gif;jpg;jpeg;jpe;resx;tiff;tif;png;wav;mfcribbon-ms</Extensions>
    </Filter>
  </ItemGroup>
  <ItemGroup>
    <ClInclude Include="Include\Message\BroadcastMessage\CloseWindowMessage.h">
      <Filter>Header Files</Filter>
    </ClInclude>
    <ClInclude Include="Include\Message\BroadcastMessage\EntityCreatedMessage.h">
      <Filter>Header Files</Filter>
    </ClInclude>
    <ClInclude Include="Include\Message\BroadcastMessage\EntityDestroyedMessage.h">
      <Filter>Header Files</Filter>
    </ClInclude>
    <ClInclude Include="Include\Message\BroadcastMessage\GameOverMessage.h">
      <Filter>Header Files</Filter>
    </ClInclude>
    <ClInclude Include="Include\Message\BroadcastMessage\IsKeyPressedMessage.h">
      <Filter>Header Files</Filter>
    </ClInclude>
    <ClInclude Include="Include\Message\BroadcastMessage\KeyPressedMessage.h">
      <Filter>Header Files</Filter>
    </ClInclude>
    <ClInclude Include="Include\Message\BroadcastMessage\KeyReleasedMessage.h">
      <Filter>Header Files</Filter>
    </ClInclude>
    <ClInclude Include="Include\Message\Message.h">
      <Filter>Header Files</Filter>
    </ClInclude>
    <ClInclude Include="Include\Message\MessageBus.h">
      <Filter>Header Files</Filter>
    </ClInclude>
    <ClInclude Include="Include\Message\MessageType.h">
      <Filter>Header Files</Filter>
    </ClInclude>
    <ClInclude Include="Include\Sprites\ImageAnimation.h">
      <Filter>Header Files</Filter>
    </ClInclude>
    <ClInclude Include="Include\Resource\Frame.h">
      <Filter>Header Files</Filter>
    </ClInclude>
    <ClInclude Include="Include\Resource\ImageData.h">
      <Filter>Header Files</Filter>
    </ClInclude>
    <ClInclude Include="Include\Resource\ResourceManager.h">
      <Filter>Header Files</Filter>
    </ClInclude>
    <ClInclude Include="Include\Resource\SheetData.h">
      <Filter>Header Files</Filter>
    </ClInclude>
    <ClInclude Include="Include\Resource\SheetId.h">
      <Filter>Header Files</Filter>
    </ClInclude>
    <ClInclude Include="Include\Resource\SheetManager.h">
      <Filter>Header Files</Filter>
    </ClInclude>
    <ClInclude Include="Include\Resource\SpriteSheet.h">
      <Filter>Header Files</Filter>
    </ClInclude>
    <ClInclude Include="Include\Resource\TextureManager.h">
      <Filter>Header Files</Filter>
    </ClInclude>
    <ClInclude Include="Include\Logging.h">
      <Filter>Header Files</Filter>
    </ClInclude>
    <ClInclude Include="Include\Screen.h">
      <Filter>Header Files</Filter>
    </ClInclude>
    <ClInclude Include="Include\Resource\TileGraphic.h">
      <Filter>Header Files</Filter>
    </ClInclude>
    <ClInclude Include="Include\MapData.h">
      <Filter>Header Files</Filter>
    </ClInclude>
    <ClInclude Include="Include\CameraView.h">
      <Filter>Header Files</Filter>
    </ClInclude>
    <ClInclude Include="Include\CameraViews.h">
      <Filter>Header Files</Filter>
    </ClInclude>
    <ClInclude Include="Include\Resource\ResourceId.h">
      <Filter>Header Files</Filter>
    </ClInclude>
    <ClInclude Include="Include\Resource\TextureRect.h">
      <Filter>Header Files</Filter>
    </ClInclude>
    <ClInclude Include="Include\SfmlPrint.h">
      <Filter>Header Files</Filter>
    </ClInclude>
    <ClInclude Include="Include\Resource\SpriteSheetIf.h">
      <Filter>Header Files</Filter>
    </ClInclude>
    <ClInclude Include="Include\Sprites\ImageAnimationIf.h">
      <Filter>Header Files</Filter>
    </ClInclude>
    <ClInclude Include="Include\CameraViewIf.h">
      <Filter>Header Files</Filter>
    </ClInclude>
    <ClInclude Include="Include\Resource\ColliderData.h">
      <Filter>Header Files</Filter>
    </ClInclude>
    <ClInclude Include="Include\SequenceIf.h">
      <Filter>Header Files</Filter>
    </ClInclude>
    <ClInclude Include="Include\Sequence.h">
      <Filter>Header Files</Filter>
    </ClInclude>
    <ClInclude Include="Include\Colliders\ColliderIf.h">
      <Filter>Header Files</Filter>
    </ClInclude>
    <ClInclude Include="Include\Colliders\Collider.h">
      <Filter>Header Files</Filter>
    </ClInclude>
    <ClInclude Include="Include\Resource\ColliderFrame.h">
      <Filter>Header Files</Filter>
    </ClInclude>
    <ClInclude Include="Include\Resource\SheetItem.h">
      <Filter>Header Files</Filter>
    </ClInclude>
  </ItemGroup>
  <ItemGroup>
    <ClCompile Include="Src\MessageBus.cpp">
      <Filter>Source Files</Filter>
    </ClCompile>
    <ClCompile Include="Src\Sprites\ImageAnimation.cpp">
      <Filter>Source Files</Filter>
    </ClCompile>
    <ClCompile Include="Src\Resource\SheetManager.cpp">
      <Filter>Source Files</Filter>
    </ClCompile>
    <ClCompile Include="Src\Resource\SpriteSheet.cpp">
      <Filter>Source Files</Filter>
    </ClCompile>
    <ClCompile Include="Src\Logging.cpp">
      <Filter>Source Files</Filter>
    </ClCompile>
    <ClCompile Include="Src\CameraView.cpp">
      <Filter>Source Files</Filter>
    </ClCompile>
    <ClCompile Include="Src\CameraViews.cpp">
      <Filter>Source Files</Filter>
    </ClCompile>
    <ClCompile Include="Src\Colliders\Collider.cpp">
      <Filter>Source Files</Filter>
    </ClCompile>
  </ItemGroup>
</Project>