<?xml version="1.0" encoding="utf-8"?>
<Project ToolsVersion="4.0" xmlns="http://schemas.microsoft.com/developer/msbuild/2003">
  <ItemGroup>
    <ClCompile Include="..\packages\gmock.1.11.0\lib\native\src\gtest\src\gtest_main.cc" />
    <ClCompile Include="Src\TsxParser_test.cpp" />
    <ClCompile Include="$(MSBuildThisFileDirectory)..\..\lib\native\src\gtest\gtest-all.cc" />
    <ClCompile Include="$(MSBuildThisFileDirectory)..\..\lib\native\src\gmock\gmock-all.cc" />
    <ClCompile Include="Src\ParseHelper_test.cpp" />
    <ClCompile Include="Src\ParsedElements_test.cpp" />
  </ItemGroup>
  <ItemGroup>
    <None Include="packages.config" />
  </ItemGroup>
  <ItemGroup>
    <ClInclude Include="Src\Mock\XMLMock.h" />
    <ClInclude Include="Src\Mock\ParseHelperMock.h" />
  </ItemGroup>
</Project>