<?xml version="1.0" encoding="utf-8"?>
<Project ToolsVersion="4.0" xmlns="http://schemas.microsoft.com/developer/msbuild/2003">
  <ItemGroup>
    <Filter Include="Source Files">
      <UniqueIdentifier>{4FC737F1-C7A5-4376-A066-2A32D752A2FF}</UniqueIdentifier>
      <Extensions>cpp;c;cc;cxx;c++;cppm;ixx;def;odl;idl;hpj;bat;asm;asmx</Extensions>
    </Filter>
    <Filter Include="Header Files">
      <UniqueIdentifier>{93995380-89BD-4b04-88EB-625FBE52EBFB}</UniqueIdentifier>
      <Extensions>h;hh;hpp;hxx;h++;hm;inl;inc;ipp;xsd</Extensions>
    </Filter>
    <Filter Include="Resource Files">
      <UniqueIdentifier>{67DA6AB6-F800-4c08-8B7A-83BB121AAD01}</UniqueIdentifier>
      <Extensions>rc;ico;cur;bmp;dlg;rc2;rct;bin;rgs;gif;jpg;jpeg;jpe;resx;tiff;tif;png;wav;mfcribbon-ms</Extensions>
    </Filter>
  </ItemGroup>
  <ItemGroup>
    <ClInclude Include="Src\Constant\Entity.h">
      <Filter>Header Files</Filter>
    </ClInclude>
    <ClInclude Include="Include\EntityType.h">
      <Filter>Header Files</Filter>
    </ClInclude>
    <ClInclude Include="Src\Enum\FaceDirection.h">
      <Filter>Header Files</Filter>
    </ClInclude>
    <ClInclude Include="Src\Enum\MoveDirection.h">
      <Filter>Header Files</Filter>
    </ClInclude>
    <ClInclude Include="Src\Abilities\AbilityIf.h">
      <Filter>Header Files</Filter>
    </ClInclude>
    <ClInclude Include="Src\Abilities\MoveAbility.h">
      <Filter>Header Files</Filter>
    </ClInclude>
    <ClInclude Include="Src\Entities\ArrowEntity.h">
      <Filter>Header Files</Filter>
    </ClInclude>
    <ClInclude Include="Src\Entities\BasicEntity.h">
      <Filter>Header Files</Filter>
    </ClInclude>
    <ClInclude Include="Src\Entities\CoinEntity.h">
      <Filter>Header Files</Filter>
    </ClInclude>
    <ClInclude Include="Src\Entities\MoleEntity.h">
      <Filter>Header Files</Filter>
    </ClInclude>
    <ClInclude Include="Src\Entities\PlayerEntity.h">
      <Filter>Header Files</Filter>
    </ClInclude>
    <ClInclude Include="Src\Entities\RectEntity.h">
      <Filter>Header Files</Filter>
    </ClInclude>
    <ClInclude Include="Src\Events\AttackEvent.h">
      <Filter>Header Files</Filter>
    </ClInclude>
    <ClInclude Include="Src\Events\AttackWeaponEvent.h">
      <Filter>Header Files</Filter>
    </ClInclude>
    <ClInclude Include="Src\Events\BasicEvent.h">
      <Filter>Header Files</Filter>
    </ClInclude>
    <ClInclude Include="Src\Events\DeadEvent.h">
      <Filter>Header Files</Filter>
    </ClInclude>
    <ClInclude Include="Src\Events\InitEvent.h">
      <Filter>Header Files</Filter>
    </ClInclude>
    <ClInclude Include="Src\Events\StartMoveEvent.h">
      <Filter>Header Files</Filter>
    </ClInclude>
    <ClInclude Include="Src\Events\StopMoveEvent.h">
      <Filter>Header Files</Filter>
    </ClInclude>
    <ClInclude Include="Src\Properties\PropertyIf.h">
      <Filter>Header Files</Filter>
    </ClInclude>
    <ClInclude Include="Src\Properties\Property.h">
      <Filter>Header Files</Filter>
    </ClInclude>
    <ClInclude Include="Src\ShapeParts\BasicPart.h">
      <Filter>Header Files</Filter>
    </ClInclude>
    <ClInclude Include="Src\Body.h">
      <Filter>Header Files</Filter>
    </ClInclude>
    <ClInclude Include="Src\EntityService.h">
      <Filter>Header Files</Filter>
    </ClInclude>
    <ClInclude Include="Src\EventType.h">
      <Filter>Header Files</Filter>
    </ClInclude>
    <ClInclude Include="Include\Factory.h">
      <Filter>Header Files</Filter>
    </ClInclude>
    <ClInclude Include="Include\LayerType.h">
      <Filter>Header Files</Filter>
    </ClInclude>
    <ClInclude Include="Src\PropertyConverter.h">
      <Filter>Header Files</Filter>
    </ClInclude>
    <ClInclude Include="Src\PropertyStore.h">
      <Filter>Header Files</Filter>
    </ClInclude>
    <ClInclude Include="Src\Shape.h">
      <Filter>Header Files</Filter>
    </ClInclude>
    <ClInclude Include="Src\State.h">
      <Filter>Header Files</Filter>
    </ClInclude>
    <ClInclude Include="Src\StateMachine.h">
      <Filter>Header Files</Filter>
    </ClInclude>
    <ClInclude Include="Src\StateType.h">
      <Filter>Header Files</Filter>
    </ClInclude>
    <ClInclude Include="Src\Events\DestroyEvent.h">
      <Filter>Header Files</Filter>
    </ClInclude>
    <ClInclude Include="Src\Events\CollisionEvent.h">
      <Filter>Header Files</Filter>
    </ClInclude>
    <ClInclude Include="Src\ShapeParts\SingleAnimationPart.h">
      <Filter>Header Files</Filter>
    </ClInclude>
    <ClInclude Include="Src\ShapeParts\AnimationPartIf.h">
      <Filter>Header Files</Filter>
    </ClInclude>
    <ClInclude Include="Src\ShapeParts\AnimationPartBase.h">
      <Filter>Header Files</Filter>
    </ClInclude>
    <ClInclude Include="Src\ShapeParts\SingleAnimationPartIf.h">
      <Filter>Header Files</Filter>
    </ClInclude>
    <ClInclude Include="Src\ShapeParts\MultiAnimationPartIf.h">
      <Filter>Header Files</Filter>
    </ClInclude>
    <ClInclude Include="Src\ShapeParts\MultiAnimationPart.h">
      <Filter>Header Files</Filter>
    </ClInclude>
    <ClInclude Include="Include\EntityDb.h">
      <Filter>Header Files</Filter>
    </ClInclude>
    <ClInclude Include="Include\EntityLifeHandler.h">
      <Filter>Header Files</Filter>
    </ClInclude>
    <ClInclude Include="Include\CollisionHandler.h">
      <Filter>Header Files</Filter>
    </ClInclude>
    <ClInclude Include="Src\Events\OutsideTileMapEvent.h">
      <Filter>Header Files</Filter>
    </ClInclude>
    <ClInclude Include="Include\DrawHandler.h">
      <Filter>Header Files</Filter>
    </ClInclude>
    <ClInclude Include="Include\EntityIf.h">
      <Filter>Header Files</Filter>
    </ClInclude>
    <ClInclude Include="Include\EntityHandler.h">
      <Filter>Header Files</Filter>
    </ClInclude>
    <ClInclude Include="Include\Id.h">
      <Filter>Header Files</Filter>
    </ClInclude>
    <ClInclude Include="Src\Entities\EntranceEntity.h">
      <Filter>Header Files</Filter>
    </ClInclude>
    <ClInclude Include="Include\ObjIdTranslator.h">
      <Filter>Header Files</Filter>
    </ClInclude>
    <ClInclude Include="Src\Abilities\DoorMoveAbility.h">
      <Filter>Header Files</Filter>
    </ClInclude>
    <ClInclude Include="Src\Events\StartDoorMoveEvent.h">
      <Filter>Header Files</Filter>
    </ClInclude>
  </ItemGroup>
  <ItemGroup>
    <ClCompile Include="Src\Abilities\MoveAbility.cpp">
      <Filter>Source Files</Filter>
    </ClCompile>
    <ClCompile Include="Src\Entities\ArrowEntity.cpp">
      <Filter>Source Files</Filter>
    </ClCompile>
    <ClCompile Include="Src\Entities\BasicEntity.cpp">
      <Filter>Source Files</Filter>
    </ClCompile>
    <ClCompile Include="Src\Entities\CoinEntity.cpp">
      <Filter>Source Files</Filter>
    </ClCompile>
    <ClCompile Include="Src\Entities\MoleEntity.cpp">
      <Filter>Source Files</Filter>
    </ClCompile>
    <ClCompile Include="Src\Entities\PlayerEntity.cpp">
      <Filter>Source Files</Filter>
    </ClCompile>
    <ClCompile Include="Src\Entities\RectEntity.cpp">
      <Filter>Source Files</Filter>
    </ClCompile>
    <ClCompile Include="Src\EntityService.cpp">
      <Filter>Source Files</Filter>
    </ClCompile>
    <ClCompile Include="Src\Factory.cpp">
      <Filter>Source Files</Filter>
    </ClCompile>
    <ClCompile Include="Src\PropertyConverter.cpp">
      <Filter>Source Files</Filter>
    </ClCompile>
    <ClCompile Include="Src\Shape.cpp">
      <Filter>Source Files</Filter>
    </ClCompile>
    <ClCompile Include="Src\State.cpp">
      <Filter>Source Files</Filter>
    </ClCompile>
    <ClCompile Include="Src\StateMachine.cpp">
      <Filter>Source Files</Filter>
    </ClCompile>
    <ClCompile Include="Src\EntityDb.cpp">
      <Filter>Source Files</Filter>
    </ClCompile>
    <ClCompile Include="Src\EntityLifeHandler.cpp">
      <Filter>Source Files</Filter>
    </ClCompile>
    <ClCompile Include="Src\CollisionHandler.cpp">
      <Filter>Source Files</Filter>
    </ClCompile>
    <ClCompile Include="Src\DrawHandler.cpp">
      <Filter>Source Files</Filter>
    </ClCompile>
    <ClCompile Include="Src\EntityHandler.cpp">
      <Filter>Source Files</Filter>
    </ClCompile>
    <ClCompile Include="Src\Entities\EntranceEntity.cpp">
      <Filter>Source Files</Filter>
    </ClCompile>
    <ClCompile Include="Src\ObjIdTranslator.cpp">
      <Filter>Source Files</Filter>
    </ClCompile>
    <ClCompile Include="Src\Abilities\DoorMoveAbility.cpp">
      <Filter>Source Files</Filter>
    </ClCompile>
  </ItemGroup>
</Project>