<?xml version="1.0" encoding="utf-8"?>
<Project ToolsVersion="16.0" xmlns="http://schemas.microsoft.com/developer/msbuild/2003">
  <ItemGroup>
    <ClCompile Include="..\3rdparty\submodules\SFML\src\SFML\Window\Context.cpp" />
    <ClCompile Include="..\3rdparty\submodules\SFML\src\SFML\Window\GlContext.cpp" />
    <ClCompile Include="..\3rdparty\submodules\SFML\src\SFML\Window\GlResource.cpp" />
    <ClCompile Include="..\3rdparty\submodules\SFML\src\SFML\Window\Joystick.cpp" />
    <ClCompile Include="..\3rdparty\submodules\SFML\src\SFML\Window\JoystickManager.cpp" />
    <ClCompile Include="..\3rdparty\submodules\SFML\src\SFML\Window\Keyboard.cpp" />
    <ClCompile Include="..\3rdparty\submodules\SFML\src\SFML\Window\Mouse.cpp" />
    <ClCompile Include="..\3rdparty\submodules\SFML\src\SFML\Window\Touch.cpp" />
    <ClCompile Include="..\3rdparty\submodules\SFML\src\SFML\Window\Sensor.cpp" />
    <ClCompile Include="..\3rdparty\submodules\SFML\src\SFML\Window\SensorManager.cpp" />
    <ClCompile Include="..\3rdparty\submodules\SFML\src\SFML\Window\VideoMode.cpp" />
    <ClCompile Include="..\3rdparty\submodules\SFML\src\SFML\Window\Window.cpp" />
    <ClCompile Include="..\3rdparty\submodules\SFML\src\SFML\Window\WindowImpl.cpp" />
    <ClCompile Include="..\3rdparty\submodules\SFML\src\SFML\Window\Win32\WglContext.cpp" />
    <ClCompile Include="..\3rdparty\submodules\SFML\src\SFML\Window\Win32\WglExtensions.cpp" />
    <ClCompile Include="..\3rdparty\submodules\SFML\src\SFML\Window\Win32\InputImpl.cpp" />
    <ClCompile Include="..\3rdparty\submodules\SFML\src\SFML\Window\Win32\JoystickImpl.cpp" />
    <ClCompile Include="..\3rdparty\submodules\SFML\src\SFML\Window\Win32\SensorImpl.cpp" />
    <ClCompile Include="..\3rdparty\submodules\SFML\src\SFML\Window\Win32\VideoModeImpl.cpp" />
    <ClCompile Include="..\3rdparty\submodules\SFML\src\SFML\Window\Win32\WindowImplWin32.cpp" />
  </ItemGroup>
  <ItemGroup>
    <ClInclude Include="..\3rdparty\submodules\SFML\include\SFML\Window\Context.hpp" />
    <ClInclude Include="..\3rdparty\submodules\SFML\include\SFML\Window\Export.hpp" />
    <ClInclude Include="..\3rdparty\submodules\SFML\src\SFML\Window\GlContext.hpp" />
    <ClInclude Include="..\3rdparty\submodules\SFML\include\SFML\Window\GlResource.hpp" />
    <ClInclude Include="..\3rdparty\submodules\SFML\include\SFML\Window\ContextSettings.hpp" />
    <ClInclude Include="..\3rdparty\submodules\SFML\include\SFML\Window\Event.hpp" />
    <ClInclude Include="..\3rdparty\submodules\SFML\src\SFML\Window\InputImpl.hpp" />
    <ClInclude Include="..\3rdparty\submodules\SFML\include\SFML\Window\Joystick.hpp" />
    <ClInclude Include="..\3rdparty\submodules\SFML\src\SFML\Window\JoystickImpl.hpp" />
    <ClInclude Include="..\3rdparty\submodules\SFML\src\SFML\Window\JoystickManager.hpp" />
    <ClInclude Include="..\3rdparty\submodules\SFML\include\SFML\Window\Keyboard.hpp" />
    <ClInclude Include="..\3rdparty\submodules\SFML\include\SFML\Window\Mouse.hpp" />
    <ClInclude Include="..\3rdparty\submodules\SFML\include\SFML\Window\Touch.hpp" />
    <ClInclude Include="..\3rdparty\submodules\SFML\include\SFML\Window\Sensor.hpp" />
    <ClInclude Include="..\3rdparty\submodules\SFML\src\SFML\Window\SensorImpl.hpp" />
    <ClInclude Include="..\3rdparty\submodules\SFML\src\SFML\Window\SensorManager.hpp" />
    <ClInclude Include="..\3rdparty\submodules\SFML\include\SFML\Window\VideoMode.hpp" />
    <ClInclude Include="..\3rdparty\submodules\SFML\src\SFML\Window\VideoModeImpl.hpp" />
    <ClInclude Include="..\3rdparty\submodules\SFML\include\SFML\Window\Window.hpp" />
    <ClInclude Include="..\3rdparty\submodules\SFML\include\SFML\Window\WindowHandle.hpp" />
    <ClInclude Include="..\3rdparty\submodules\SFML\src\SFML\Window\WindowImpl.hpp" />
    <ClInclude Include="..\3rdparty\submodules\SFML\include\SFML\Window\WindowStyle.hpp" />
    <ClInclude Include="..\3rdparty\submodules\SFML\src\SFML\Window\Win32\WglContext.hpp" />
    <ClInclude Include="..\3rdparty\submodules\SFML\src\SFML\Window\Win32\WglExtensions.hpp" />
    <ClInclude Include="..\3rdparty\submodules\SFML\src\SFML\Window\Win32\InputImpl.hpp" />
    <ClInclude Include="..\3rdparty\submodules\SFML\src\SFML\Window\Win32\JoystickImpl.hpp" />
    <ClInclude Include="..\3rdparty\submodules\SFML\src\SFML\Window\Win32\SensorImpl.hpp" />
    <ClInclude Include="..\3rdparty\submodules\SFML\src\SFML\Window\Win32\WindowImplWin32.hpp" />
  </ItemGroup>
  <ItemGroup>
    <Filter Include="windows">
      <UniqueIdentifier>{D7D594FF-ACE9-3F53-ABCA-2E297165C0D2}</UniqueIdentifier>
    </Filter>
  </ItemGroup>
</Project>