<?xml version="1.0" encoding="utf-8"?>
<Project ToolsVersion="16.0" xmlns="http://schemas.microsoft.com/developer/msbuild/2003">
  <ItemGroup>
    <ClCompile Include="..\3rdparty\submodules\SFML\src\SFML\Audio\ALCheck.cpp" />
    <ClCompile Include="..\3rdparty\submodules\SFML\src\SFML\Audio\AlResource.cpp" />
    <ClCompile Include="..\3rdparty\submodules\SFML\src\SFML\Audio\AudioDevice.cpp" />
    <ClCompile Include="..\3rdparty\submodules\SFML\src\SFML\Audio\Listener.cpp" />
    <ClCompile Include="..\3rdparty\submodules\SFML\src\SFML\Audio\Music.cpp" />
    <ClCompile Include="..\3rdparty\submodules\SFML\src\SFML\Audio\Sound.cpp" />
    <ClCompile Include="..\3rdparty\submodules\SFML\src\SFML\Audio\SoundBuffer.cpp" />
    <ClCompile Include="..\3rdparty\submodules\SFML\src\SFML\Audio\SoundBufferRecorder.cpp" />
    <ClCompile Include="..\3rdparty\submodules\SFML\src\SFML\Audio\InputSoundFile.cpp" />
    <ClCompile Include="..\3rdparty\submodules\SFML\src\SFML\Audio\OutputSoundFile.cpp" />
    <ClCompile Include="..\3rdparty\submodules\SFML\src\SFML\Audio\SoundRecorder.cpp" />
    <ClCompile Include="..\3rdparty\submodules\SFML\src\SFML\Audio\SoundSource.cpp" />
    <ClCompile Include="..\3rdparty\submodules\SFML\src\SFML\Audio\SoundStream.cpp" />
    <ClCompile Include="..\3rdparty\submodules\SFML\src\SFML\Audio\SoundFileFactory.cpp" />
    <ClCompile Include="..\3rdparty\submodules\SFML\src\SFML\Audio\SoundFileReaderFlac.cpp" />
    <ClCompile Include="..\3rdparty\submodules\SFML\src\SFML\Audio\SoundFileReaderOgg.cpp" />
    <ClCompile Include="..\3rdparty\submodules\SFML\src\SFML\Audio\SoundFileReaderWav.cpp" />
    <ClCompile Include="..\3rdparty\submodules\SFML\src\SFML\Audio\SoundFileWriterFlac.cpp" />
    <ClCompile Include="..\3rdparty\submodules\SFML\src\SFML\Audio\SoundFileWriterOgg.cpp" />
    <ClCompile Include="..\3rdparty\submodules\SFML\src\SFML\Audio\SoundFileWriterWav.cpp" />
  </ItemGroup>
  <ItemGroup>
    <ClInclude Include="..\3rdparty\submodules\SFML\src\SFML\Audio\ALCheck.hpp" />
    <ClInclude Include="..\3rdparty\submodules\SFML\include\SFML\Audio\AlResource.hpp" />
    <ClInclude Include="..\3rdparty\submodules\SFML\src\SFML\Audio\AudioDevice.hpp" />
    <ClInclude Include="..\3rdparty\submodules\SFML\include\SFML\Audio\Export.hpp" />
    <ClInclude Include="..\3rdparty\submodules\SFML\include\SFML\Audio\Listener.hpp" />
    <ClInclude Include="..\3rdparty\submodules\SFML\include\SFML\Audio\Music.hpp" />
    <ClInclude Include="..\3rdparty\submodules\SFML\include\SFML\Audio\Sound.hpp" />
    <ClInclude Include="..\3rdparty\submodules\SFML\include\SFML\Audio\SoundBuffer.hpp" />
    <ClInclude Include="..\3rdparty\submodules\SFML\include\SFML\Audio\SoundBufferRecorder.hpp" />
    <ClInclude Include="..\3rdparty\submodules\SFML\include\SFML\Audio\InputSoundFile.hpp" />
    <ClInclude Include="..\3rdparty\submodules\SFML\include\SFML\Audio\OutputSoundFile.hpp" />
    <ClInclude Include="..\3rdparty\submodules\SFML\include\SFML\Audio\SoundRecorder.hpp" />
    <ClInclude Include="..\3rdparty\submodules\SFML\include\SFML\Audio\SoundSource.hpp" />
    <ClInclude Include="..\3rdparty\submodules\SFML\include\SFML\Audio\SoundStream.hpp" />
    <ClInclude Include="..\3rdparty\submodules\SFML\include\SFML\Audio\SoundFileFactory.hpp" />
    <ClInclude Include="..\3rdparty\submodules\SFML\include\SFML\Audio\SoundFileFactory.inl" />
    <ClInclude Include="..\3rdparty\submodules\SFML\include\SFML\Audio\SoundFileReader.hpp" />
    <ClInclude Include="..\3rdparty\submodules\SFML\src\SFML\Audio\SoundFileReaderFlac.hpp" />
    <ClInclude Include="..\3rdparty\submodules\SFML\src\SFML\Audio\SoundFileReaderOgg.hpp" />
    <ClInclude Include="..\3rdparty\submodules\SFML\src\SFML\Audio\SoundFileReaderWav.hpp" />
    <ClInclude Include="..\3rdparty\submodules\SFML\include\SFML\Audio\SoundFileWriter.hpp" />
    <ClInclude Include="..\3rdparty\submodules\SFML\src\SFML\Audio\SoundFileWriterFlac.hpp" />
    <ClInclude Include="..\3rdparty\submodules\SFML\src\SFML\Audio\SoundFileWriterOgg.hpp" />
    <ClInclude Include="..\3rdparty\submodules\SFML\src\SFML\Audio\SoundFileWriterWav.hpp" />
  </ItemGroup>
  <ItemGroup>
    <Filter Include="codecs">
      <UniqueIdentifier>{BC04601C-6201-3383-B25C-04382EBFEBA1}</UniqueIdentifier>
    </Filter>
  </ItemGroup>
</Project>