<?xml version="1.0" encoding="utf-8"?>
<Project ToolsVersion="4.0" xmlns="http://schemas.microsoft.com/developer/msbuild/2003">
  <ItemGroup>
    <Filter Include="Source Files">
      <UniqueIdentifier>{4FC737F1-C7A5-4376-A066-2A32D752A2FF}</UniqueIdentifier>
      <Extensions>cpp;c;cc;cxx;c++;cppm;ixx;def;odl;idl;hpj;bat;asm;asmx</Extensions>
    </Filter>
    <Filter Include="Header Files">
      <UniqueIdentifier>{93995380-89BD-4b04-88EB-625FBE52EBFB}</UniqueIdentifier>
      <Extensions>h;hh;hpp;hxx;h++;hm;inl;inc;ipp;xsd</Extensions>
    </Filter>
    <Filter Include="Resource Files">
      <UniqueIdentifier>{67DA6AB6-F800-4c08-8B7A-83BB121AAD01}</UniqueIdentifier>
      <Extensions>rc;ico;cur;bmp;dlg;rc2;rct;bin;rgs;gif;jpg;jpeg;jpe;resx;tiff;tif;png;wav;mfcribbon-ms</Extensions>
    </Filter>
  </ItemGroup>
  <ItemGroup>
    <ClCompile Include="Src\Error.cpp">
      <Filter>Source Files</Filter>
    </ClCompile>
    <ClCompile Include="Src\Folder.cpp">
      <Filter>Source Files</Filter>
    </ClCompile>
    <ClCompile Include="Src\Path.cpp">
      <Filter>Source Files</Filter>
    </ClCompile>
    <ClCompile Include="Src\Random.cpp">
      <Filter>Source Files</Filter>
    </ClCompile>
    <ClCompile Include="Src\SpecialFolder.cpp">
      <Filter>Source Files</Filter>
    </ClCompile>
    <ClCompile Include="Src\ByteStream.cpp">
      <Filter>Source Files</Filter>
    </ClCompile>
    <ClCompile Include="Src\ByteStreamFactory.cpp">
      <Filter>Source Files</Filter>
    </ClCompile>
    <ClCompile Include="Src\Format.cpp">
      <Filter>Source Files</Filter>
    </ClCompile>
    <ClCompile Include="Src\LogUtil.cpp">
      <Filter>Source Files</Filter>
    </ClCompile>
    <ClCompile Include="Src\Entry.cpp">
      <Filter>Source Files</Filter>
    </ClCompile>
    <ClCompile Include="Src\Logger.cpp">
      <Filter>Source Files</Filter>
    </ClCompile>
  </ItemGroup>
  <ItemGroup>
    <ClInclude Include="Src\Error.h">
      <Filter>Header Files</Filter>
    </ClInclude>
    <ClInclude Include="Include\Folder.h">
      <Filter>Header Files</Filter>
    </ClInclude>
    <ClInclude Include="Include\Path.h">
      <Filter>Header Files</Filter>
    </ClInclude>
    <ClInclude Include="Include\Random.h">
      <Filter>Header Files</Filter>
    </ClInclude>
    <ClInclude Include="Include\Result.h">
      <Filter>Header Files</Filter>
    </ClInclude>
    <ClInclude Include="Src\SpecialFolder.h">
      <Filter>Header Files</Filter>
    </ClInclude>
    <ClInclude Include="Include\Version.h">
      <Filter>Header Files</Filter>
    </ClInclude>
    <ClInclude Include="Src\ByteStream.h">
      <Filter>Header Files</Filter>
    </ClInclude>
    <ClInclude Include="Include\BasicByteStream.h">
      <Filter>Header Files</Filter>
    </ClInclude>
    <ClInclude Include="Include\BasicByteStreamFactory.h">
      <Filter>Header Files</Filter>
    </ClInclude>
    <ClInclude Include="Include\ByteStreamFactory.h">
      <Filter>Header Files</Filter>
    </ClInclude>
    <ClInclude Include="Include\Print.h">
      <Filter>Header Files</Filter>
    </ClInclude>
    <ClInclude Include="Include\Format.h">
      <Filter>Header Files</Filter>
    </ClInclude>
    <ClInclude Include="Include\Mock\ByteStreamFactoryMock.h">
      <Filter>Header Files</Filter>
    </ClInclude>
    <ClInclude Include="Include\Mock\ByteStreamMock.h">
      <Filter>Header Files</Filter>
    </ClInclude>
    <ClInclude Include="Include\LogUtil.h">
      <Filter>Header Files</Filter>
    </ClInclude>
    <ClInclude Include="Include\Mock\BasicLoggerMock.h">
      <Filter>Header Files</Filter>
    </ClInclude>
    <ClInclude Include="Include\Mock\LoggerMockProxy.h">
      <Filter>Header Files</Filter>
    </ClInclude>
    <ClInclude Include="Include\BasicLogger.h">
      <Filter>Header Files</Filter>
    </ClInclude>
    <ClInclude Include="Include\Logger.h">
      <Filter>Header Files</Filter>
    </ClInclude>
    <ClInclude Include="Src\Entry.h">
      <Filter>Header Files</Filter>
    </ClInclude>
    <ClInclude Include="Src\LogLevel.h">
      <Filter>Header Files</Filter>
    </ClInclude>
  </ItemGroup>
</Project>