<?xml version="1.0" encoding="utf-8"?>
<Project ToolsVersion="4.0" xmlns="http://schemas.microsoft.com/developer/msbuild/2003">
  <ItemGroup>
    <Filter Include="Source Files">
      <UniqueIdentifier>{4FC737F1-C7A5-4376-A066-2A32D752A2FF}</UniqueIdentifier>
      <Extensions>cpp;c;cc;cxx;c++;cppm;ixx;def;odl;idl;hpj;bat;asm;asmx</Extensions>
    </Filter>
    <Filter Include="Header Files">
      <UniqueIdentifier>{93995380-89BD-4b04-88EB-625FBE52EBFB}</UniqueIdentifier>
      <Extensions>h;hh;hpp;hxx;h++;hm;inl;inc;ipp;xsd</Extensions>
    </Filter>
    <Filter Include="Resource Files">
      <UniqueIdentifier>{67DA6AB6-F800-4c08-8B7A-83BB121AAD01}</UniqueIdentifier>
      <Extensions>rc;ico;cur;bmp;dlg;rc2;rct;bin;rgs;gif;jpg;jpeg;jpe;resx;tiff;tif;png;wav;mfcribbon-ms</Extensions>
    </Filter>
  </ItemGroup>
  <ItemGroup>
    <ClCompile Include="Layers\BasicLayer.cpp">
      <Filter>Source Files</Filter>
    </ClCompile>
    <ClCompile Include="Layers\HelperLayer.cpp">
      <Filter>Source Files</Filter>
    </ClCompile>
    <ClCompile Include="Layers\IntroLayer.cpp">
      <Filter>Source Files</Filter>
    </ClCompile>
    <ClCompile Include="Layers\LevelLayer.cpp">
      <Filter>Source Files</Filter>
    </ClCompile>
    <ClCompile Include="Layers\PreAlphaLayer.cpp">
      <Filter>Source Files</Filter>
    </ClCompile>
    <ClCompile Include="Scenes\BasicScene.cpp">
      <Filter>Source Files</Filter>
    </ClCompile>
    <ClCompile Include="Scenes\IntroScene.cpp">
      <Filter>Source Files</Filter>
    </ClCompile>
    <ClCompile Include="Scenes\PlayScene.cpp">
      <Filter>Source Files</Filter>
    </ClCompile>
    <ClCompile Include="Scenes\TransitionScene.cpp">
      <Filter>Source Files</Filter>
    </ClCompile>
    <ClCompile Include="Transitions\BasicTransition.cpp">
      <Filter>Source Files</Filter>
    </ClCompile>
    <ClCompile Include="Transitions\FadeTransition.cpp">
      <Filter>Source Files</Filter>
    </ClCompile>
    <ClCompile Include="Transitions\NullTransition.cpp">
      <Filter>Source Files</Filter>
    </ClCompile>
    <ClCompile Include="Manager.cpp">
      <Filter>Source Files</Filter>
    </ClCompile>
  </ItemGroup>
  <ItemGroup>
    <ClInclude Include="Layers\BasicLayer.h">
      <Filter>Header Files</Filter>
    </ClInclude>
    <ClInclude Include="Layers\HelperLayer.h">
      <Filter>Header Files</Filter>
    </ClInclude>
    <ClInclude Include="Layers\IntroLayer.h">
      <Filter>Header Files</Filter>
    </ClInclude>
    <ClInclude Include="Layers\LevelLayer.h">
      <Filter>Header Files</Filter>
    </ClInclude>
    <ClInclude Include="Layers\PreAlphaLayer.h">
      <Filter>Header Files</Filter>
    </ClInclude>
    <ClInclude Include="Scenes\BasicScene.h">
      <Filter>Header Files</Filter>
    </ClInclude>
    <ClInclude Include="Scenes\IntroScene.h">
      <Filter>Header Files</Filter>
    </ClInclude>
    <ClInclude Include="Scenes\PlayScene.h">
      <Filter>Header Files</Filter>
    </ClInclude>
    <ClInclude Include="Scenes\TransitionScene.h">
      <Filter>Header Files</Filter>
    </ClInclude>
    <ClInclude Include="Transitions\BasicTransition.h">
      <Filter>Header Files</Filter>
    </ClInclude>
    <ClInclude Include="Transitions\FadeTransition.h">
      <Filter>Header Files</Filter>
    </ClInclude>
    <ClInclude Include="Transitions\NullTransition.h">
      <Filter>Header Files</Filter>
    </ClInclude>
    <ClInclude Include="LayerId.h">
      <Filter>Header Files</Filter>
    </ClInclude>
    <ClInclude Include="Manager.h">
      <Filter>Header Files</Filter>
    </ClInclude>
  </ItemGroup>
</Project>