<?xml version="1.0" encoding="utf-8"?>
<Project ToolsVersion="4.0" xmlns="http://schemas.microsoft.com/developer/msbuild/2003">
  <ItemGroup>
    <Filter Include="Source Files">
      <UniqueIdentifier>{4FC737F1-C7A5-4376-A066-2A32D752A2FF}</UniqueIdentifier>
      <Extensions>cpp;c;cc;cxx;c++;cppm;ixx;def;odl;idl;hpj;bat;asm;asmx</Extensions>
    </Filter>
    <Filter Include="Header Files">
      <UniqueIdentifier>{93995380-89BD-4b04-88EB-625FBE52EBFB}</UniqueIdentifier>
      <Extensions>h;hh;hpp;hxx;h++;hm;inl;inc;ipp;xsd</Extensions>
    </Filter>
    <Filter Include="Resource Files">
      <UniqueIdentifier>{67DA6AB6-F800-4c08-8B7A-83BB121AAD01}</UniqueIdentifier>
      <Extensions>rc;ico;cur;bmp;dlg;rc2;rct;bin;rgs;gif;jpg;jpeg;jpe;resx;tiff;tif;png;wav;mfcribbon-ms</Extensions>
    </Filter>
  </ItemGroup>
  <ItemGroup>
    <ClCompile Include="Game\Game.cpp">
      <Filter>Source Files</Filter>
    </ClCompile>
    <ClCompile Include="System\InputSystem.cpp">
      <Filter>Source Files</Filter>
    </ClCompile>
    <ClCompile Include="Scene\Manager.cpp">
      <Filter>Source Files</Filter>
    </ClCompile>
    <ClCompile Include="Scene\Layers\BasicLayer.cpp">
      <Filter>Source Files</Filter>
    </ClCompile>
    <ClCompile Include="Scene\Layers\HelperLayer.cpp">
      <Filter>Source Files</Filter>
    </ClCompile>
    <ClCompile Include="Scene\Layers\IntroLayer.cpp">
      <Filter>Source Files</Filter>
    </ClCompile>
    <ClCompile Include="Scene\Layers\LevelLayer.cpp">
      <Filter>Source Files</Filter>
    </ClCompile>
    <ClCompile Include="Scene\Scenes\BasicScene.cpp">
      <Filter>Source Files</Filter>
    </ClCompile>
    <ClCompile Include="Scene\Scenes\IntroScene.cpp">
      <Filter>Source Files</Filter>
    </ClCompile>
    <ClCompile Include="Scene\Scenes\PlayScene.cpp">
      <Filter>Source Files</Filter>
    </ClCompile>
    <ClCompile Include="Scene\Scenes\TransitionScene.cpp">
      <Filter>Source Files</Filter>
    </ClCompile>
    <ClCompile Include="Scene\Transitions\BasicTransition.cpp">
      <Filter>Source Files</Filter>
    </ClCompile>
    <ClCompile Include="Scene\Transitions\FadeTransition.cpp">
      <Filter>Source Files</Filter>
    </ClCompile>
    <ClCompile Include="Scene\Transitions\NullTransition.cpp">
      <Filter>Source Files</Filter>
    </ClCompile>
    <ClCompile Include="Effect\NullEffect.cpp">
      <Filter>Source Files</Filter>
    </ClCompile>
    <ClCompile Include="Effect\BasicEffect.cpp">
      <Filter>Source Files</Filter>
    </ClCompile>
    <ClCompile Include="Effect\FadeEffect.cpp">
      <Filter>Source Files</Filter>
    </ClCompile>
    <ClCompile Include="UI\Title.cpp">
      <Filter>Source Files</Filter>
    </ClCompile>
    <ClCompile Include="Scene\Layers\PreAlphaLayer.cpp">
      <Filter>Source Files</Filter>
    </ClCompile>
    <ClCompile Include="SfmlLog.cpp">
      <Filter>Source Files</Filter>
    </ClCompile>
  </ItemGroup>
  <ItemGroup>
    <ClInclude Include="Game\Game.h">
      <Filter>Header Files</Filter>
    </ClInclude>
    <ClInclude Include="System\InputSystem.h">
      <Filter>Header Files</Filter>
    </ClInclude>
    <ClInclude Include="Constant\Screen.h">
      <Filter>Header Files</Filter>
    </ClInclude>
    <ClInclude Include="Scene\Manager.h">
      <Filter>Header Files</Filter>
    </ClInclude>
    <ClInclude Include="Scene\Layers\BasicLayer.h">
      <Filter>Header Files</Filter>
    </ClInclude>
    <ClInclude Include="Scene\Layers\HelperLayer.h">
      <Filter>Header Files</Filter>
    </ClInclude>
    <ClInclude Include="Scene\Layers\IntroLayer.h">
      <Filter>Header Files</Filter>
    </ClInclude>
    <ClInclude Include="Scene\Layers\LevelLayer.h">
      <Filter>Header Files</Filter>
    </ClInclude>
    <ClInclude Include="Scene\Scenes\BasicScene.h">
      <Filter>Header Files</Filter>
    </ClInclude>
    <ClInclude Include="Scene\Scenes\IntroScene.h">
      <Filter>Header Files</Filter>
    </ClInclude>
    <ClInclude Include="Scene\Scenes\PlayScene.h">
      <Filter>Header Files</Filter>
    </ClInclude>
    <ClInclude Include="Scene\Scenes\TransitionScene.h">
      <Filter>Header Files</Filter>
    </ClInclude>
    <ClInclude Include="Scene\Transitions\BasicTransition.h">
      <Filter>Header Files</Filter>
    </ClInclude>
    <ClInclude Include="Scene\Transitions\FadeTransition.h">
      <Filter>Header Files</Filter>
    </ClInclude>
    <ClInclude Include="Scene\Transitions\NullTransition.h">
      <Filter>Header Files</Filter>
    </ClInclude>
    <ClInclude Include="Scene\LayerId.h">
      <Filter>Header Files</Filter>
    </ClInclude>
    <ClInclude Include="Effect\NullEffect.h">
      <Filter>Header Files</Filter>
    </ClInclude>
    <ClInclude Include="Effect\BasicEffect.h">
      <Filter>Header Files</Filter>
    </ClInclude>
    <ClInclude Include="Effect\FadeEffect.h">
      <Filter>Header Files</Filter>
    </ClInclude>
    <ClInclude Include="UI\Title.h">
      <Filter>Header Files</Filter>
    </ClInclude>
    <ClInclude Include="Scene\Layers\PreAlphaLayer.h">
      <Filter>Header Files</Filter>
    </ClInclude>
    <ClInclude Include="SfmlLog.h">
      <Filter>Header Files</Filter>
    </ClInclude>
  </ItemGroup>
</Project>