<?xml version="1.0" encoding="utf-8"?>
<Project ToolsVersion="4.0" xmlns="http://schemas.microsoft.com/developer/msbuild/2003">
  <ItemGroup>
    <Filter Include="Source Files">
      <UniqueIdentifier>{4FC737F1-C7A5-4376-A066-2A32D752A2FF}</UniqueIdentifier>
      <Extensions>cpp;c;cc;cxx;c++;cppm;ixx;def;odl;idl;hpj;bat;asm;asmx</Extensions>
    </Filter>
    <Filter Include="Header Files">
      <UniqueIdentifier>{93995380-89BD-4b04-88EB-625FBE52EBFB}</UniqueIdentifier>
      <Extensions>h;hh;hpp;hxx;h++;hm;inl;inc;ipp;xsd</Extensions>
    </Filter>
    <Filter Include="Resource Files">
      <UniqueIdentifier>{67DA6AB6-F800-4c08-8B7A-83BB121AAD01}</UniqueIdentifier>
      <Extensions>rc;ico;cur;bmp;dlg;rc2;rct;bin;rgs;gif;jpg;jpeg;jpe;resx;tiff;tif;png;wav;mfcribbon-ms</Extensions>
    </Filter>
  </ItemGroup>
  <ItemGroup>
    <ClCompile Include="Game\Game.cpp">
      <Filter>Source Files</Filter>
    </ClCompile>
    <ClCompile Include="Resource\Animation.cpp">
      <Filter>Source Files</Filter>
    </ClCompile>
    <ClCompile Include="Message\MessageBus.cpp">
      <Filter>Source Files</Filter>
    </ClCompile>
    <ClCompile Include="Message\Message.cpp">
      <Filter>Source Files</Filter>
    </ClCompile>
    <ClCompile Include="System\InputSystem.cpp">
      <Filter>Source Files</Filter>
    </ClCompile>
    <ClCompile Include="Message\BroadcastMessage\IsKeyPressedMessage.cpp">
      <Filter>Source Files</Filter>
    </ClCompile>
    <ClCompile Include="Message\BroadcastMessage\IsKeyReleasedMessage.cpp">
      <Filter>Source Files</Filter>
    </ClCompile>
    <ClCompile Include="Message\BroadcastMessage\KeyPressedMessage.cpp">
      <Filter>Source Files</Filter>
    </ClCompile>
    <ClCompile Include="Message\BroadcastMessage\KeyReleasedMessage.cpp">
      <Filter>Source Files</Filter>
    </ClCompile>
    <ClCompile Include="Entity\Entities\BasicEntity.cpp">
      <Filter>Source Files</Filter>
    </ClCompile>
    <ClCompile Include="Scene\Manager.cpp">
      <Filter>Source Files</Filter>
    </ClCompile>
    <ClCompile Include="Scene\Components\BasicComponent.cpp">
      <Filter>Source Files</Filter>
    </ClCompile>
    <ClCompile Include="Scene\Components\HelperComponent.cpp">
      <Filter>Source Files</Filter>
    </ClCompile>
    <ClCompile Include="Scene\Components\IntroComponent.cpp">
      <Filter>Source Files</Filter>
    </ClCompile>
    <ClCompile Include="Scene\Components\LevelComponent.cpp">
      <Filter>Source Files</Filter>
    </ClCompile>
    <ClCompile Include="Scene\Scenes\BasicScene.cpp">
      <Filter>Source Files</Filter>
    </ClCompile>
    <ClCompile Include="Scene\Scenes\IntroScene.cpp">
      <Filter>Source Files</Filter>
    </ClCompile>
    <ClCompile Include="Scene\Scenes\PlayScene.cpp">
      <Filter>Source Files</Filter>
    </ClCompile>
    <ClCompile Include="Scene\Scenes\TransitionScene.cpp">
      <Filter>Source Files</Filter>
    </ClCompile>
    <ClCompile Include="Scene\Transitions\BasicTransition.cpp">
      <Filter>Source Files</Filter>
    </ClCompile>
    <ClCompile Include="Scene\Transitions\FadeTransition.cpp">
      <Filter>Source Files</Filter>
    </ClCompile>
    <ClCompile Include="Scene\Transitions\NullTransition.cpp">
      <Filter>Source Files</Filter>
    </ClCompile>
    <ClCompile Include="Tile\TileMap.cpp">
      <Filter>Source Files</Filter>
    </ClCompile>
    <ClCompile Include="Util\Random.cpp">
      <Filter>Source Files</Filter>
    </ClCompile>
    <ClCompile Include="Effect\NullEffect.cpp">
      <Filter>Source Files</Filter>
    </ClCompile>
    <ClCompile Include="Effect\BasicEffect.cpp">
      <Filter>Source Files</Filter>
    </ClCompile>
    <ClCompile Include="Effect\FadeEffect.cpp">
      <Filter>Source Files</Filter>
    </ClCompile>
    <ClCompile Include="Entity\Entities\PlayerEntity.cpp">
      <Filter>Source Files</Filter>
    </ClCompile>
    <ClCompile Include="Resource\SpriteSheet.cpp">
      <Filter>Source Files</Filter>
    </ClCompile>
    <ClCompile Include="Entity\Shape.cpp">
      <Filter>Source Files</Filter>
    </ClCompile>
    <ClCompile Include="Entity\Modes\MoveMode.cpp">
      <Filter>Source Files</Filter>
    </ClCompile>
    <ClCompile Include="Entity\Entities\MoleEntity.cpp">
      <Filter>Source Files</Filter>
    </ClCompile>
    <ClCompile Include="Entity\Entities\StaticEntity.cpp">
      <Filter>Source Files</Filter>
    </ClCompile>
    <ClCompile Include="Level\Camera.cpp">
      <Filter>Source Files</Filter>
    </ClCompile>
    <ClCompile Include="Level\Level.cpp">
      <Filter>Source Files</Filter>
    </ClCompile>
    <ClCompile Include="Entity\EntityManager.cpp">
      <Filter>Source Files</Filter>
    </ClCompile>
    <ClCompile Include="Tile\TmxParser.cpp">
      <Filter>Source Files</Filter>
    </ClCompile>
    <ClCompile Include="Tile\TsxParser.cpp">
      <Filter>Source Files</Filter>
    </ClCompile>
    <ClCompile Include="Tile\TileMapReader.cpp">
      <Filter>Source Files</Filter>
    </ClCompile>
    <ClCompile Include="Entity\Factory.cpp">
      <Filter>Source Files</Filter>
    </ClCompile>
    <ClCompile Include="Platform\Error.cpp">
      <Filter>Source Files</Filter>
    </ClCompile>
    <ClCompile Include="Platform\SpecialFolder.cpp">
      <Filter>Source Files</Filter>
    </ClCompile>
    <ClCompile Include="Platform\Path.cpp">
      <Filter>Source Files</Filter>
    </ClCompile>
    <ClCompile Include="Folder.cpp">
      <Filter>Source Files</Filter>
    </ClCompile>
    <ClCompile Include="UI\Title.cpp">
      <Filter>Source Files</Filter>
    </ClCompile>
    <ClCompile Include="Scene\Components\PreAlphaComponent.cpp">
      <Filter>Source Files</Filter>
    </ClCompile>
    <ClCompile Include="Logging.cpp">
      <Filter>Source Files</Filter>
    </ClCompile>
    <ClCompile Include="Entity\Attributes\TransformAttribute.cpp">
      <Filter>Source Files</Filter>
    </ClCompile>
    <ClCompile Include="Entity\EntityService.cpp">
      <Filter>Source Files</Filter>
    </ClCompile>
    <ClCompile Include="Entity\Attributes\FaceDirectionAttribute.cpp">
      <Filter>Source Files</Filter>
    </ClCompile>
    <ClCompile Include="Resource\FrameHandler.cpp">
      <Filter>Source Files</Filter>
    </ClCompile>
    <ClCompile Include="Entity\Modes\IdleMode.cpp">
      <Filter>Source Files</Filter>
    </ClCompile>
    <ClCompile Include="Entity\Modes\AttackMode.cpp">
      <Filter>Source Files</Filter>
    </ClCompile>
    <ClCompile Include="Entity\Modes\AttackWeaponMode.cpp">
      <Filter>Source Files</Filter>
    </ClCompile>
    <ClCompile Include="Level\CameraManager.cpp">
      <Filter>Source Files</Filter>
    </ClCompile>
    <ClCompile Include="Entity\Modes\BasicMode.cpp">
      <Filter>Source Files</Filter>
    </ClCompile>
    <ClCompile Include="Entity\Attributes\CameraAttribute.cpp">
      <Filter>Source Files</Filter>
    </ClCompile>
    <ClCompile Include="Entity\Attributes\BasicAttribute.cpp">
      <Filter>Source Files</Filter>
    </ClCompile>
    <ClCompile Include="Entity\Attributes\VelocityAttribute.cpp">
      <Filter>Source Files</Filter>
    </ClCompile>
    <ClCompile Include="Entity\Modes\UninitializedMode.cpp">
      <Filter>Source Files</Filter>
    </ClCompile>
    <ClCompile Include="Entity\ModeController.cpp">
      <Filter>Source Files</Filter>
    </ClCompile>
    <ClCompile Include="Resource\SheetManager.cpp">
      <Filter>Source Files</Filter>
    </ClCompile>
    <ClCompile Include="Resource\Image.cpp">
      <Filter>Source Files</Filter>
    </ClCompile>
    <ClCompile Include="Entity\SpawnManager.cpp">
      <Filter>Source Files</Filter>
    </ClCompile>
    <ClCompile Include="Entity\Entities\ArrowEntity.cpp">
      <Filter>Source Files</Filter>
    </ClCompile>
    <ClCompile Include="Tile\BasicTileSet.cpp">
      <Filter>Source Files</Filter>
    </ClCompile>
    <ClCompile Include="Tile\GridTileSet.cpp">
      <Filter>Source Files</Filter>
    </ClCompile>
    <ClCompile Include="Tile\ImageTileSet.cpp">
      <Filter>Source Files</Filter>
    </ClCompile>
  </ItemGroup>
  <ItemGroup>
    <ClInclude Include="Game\Game.h">
      <Filter>Header Files</Filter>
    </ClInclude>
    <ClInclude Include="Resource\ResourceManager.h">
      <Filter>Header Files</Filter>
    </ClInclude>
    <ClInclude Include="Resource\Animation.h">
      <Filter>Header Files</Filter>
    </ClInclude>
    <ClInclude Include="Fwd\SfmlFwd.h">
      <Filter>Header Files</Filter>
    </ClInclude>
    <ClInclude Include="System\InputSystem.h">
      <Filter>Header Files</Filter>
    </ClInclude>
    <ClInclude Include="Message\MessageBus.h">
      <Filter>Header Files</Filter>
    </ClInclude>
    <ClInclude Include="Message\Message.h">
      <Filter>Header Files</Filter>
    </ClInclude>
    <ClInclude Include="Enum\MessageType.h">
      <Filter>Header Files</Filter>
    </ClInclude>
    <ClInclude Include="Message\BroadcastMessage\IsKeyPressedMessage.h">
      <Filter>Header Files</Filter>
    </ClInclude>
    <ClInclude Include="Message\BroadcastMessage\CloseWindowMessage.h">
      <Filter>Header Files</Filter>
    </ClInclude>
    <ClInclude Include="Enum\KeyboardKey.h">
      <Filter>Header Files</Filter>
    </ClInclude>
    <ClInclude Include="Constant\Screen.h">
      <Filter>Header Files</Filter>
    </ClInclude>
    <ClInclude Include="Message\BroadcastMessage\IsKeyReleasedMessage.h">
      <Filter>Header Files</Filter>
    </ClInclude>
    <ClInclude Include="Version.h">
      <Filter>Header Files</Filter>
    </ClInclude>
    <ClInclude Include="Message\BroadcastMessage\KeyPressedMessage.h">
      <Filter>Header Files</Filter>
    </ClInclude>
    <ClInclude Include="Message\BroadcastMessage\KeyReleasedMessage.h">
      <Filter>Header Files</Filter>
    </ClInclude>
    <ClInclude Include="Enum\MoveDirection.h">
      <Filter>Header Files</Filter>
    </ClInclude>
    <ClInclude Include="Enum\FaceDirection.h">
      <Filter>Header Files</Filter>
    </ClInclude>
    <ClInclude Include="Enum\FrameType.h">
      <Filter>Header Files</Filter>
    </ClInclude>
    <ClInclude Include="Entity\Entities\BasicEntity.h">
      <Filter>Header Files</Filter>
    </ClInclude>
    <ClInclude Include="Scene\Manager.h">
      <Filter>Header Files</Filter>
    </ClInclude>
    <ClInclude Include="Scene\Components\BasicComponent.h">
      <Filter>Header Files</Filter>
    </ClInclude>
    <ClInclude Include="Scene\Components\HelperComponent.h">
      <Filter>Header Files</Filter>
    </ClInclude>
    <ClInclude Include="Scene\Components\IntroComponent.h">
      <Filter>Header Files</Filter>
    </ClInclude>
    <ClInclude Include="Scene\Components\LevelComponent.h">
      <Filter>Header Files</Filter>
    </ClInclude>
    <ClInclude Include="Scene\Scenes\BasicScene.h">
      <Filter>Header Files</Filter>
    </ClInclude>
    <ClInclude Include="Scene\Scenes\IntroScene.h">
      <Filter>Header Files</Filter>
    </ClInclude>
    <ClInclude Include="Scene\Scenes\PlayScene.h">
      <Filter>Header Files</Filter>
    </ClInclude>
    <ClInclude Include="Scene\Scenes\TransitionScene.h">
      <Filter>Header Files</Filter>
    </ClInclude>
    <ClInclude Include="Scene\Transitions\BasicTransition.h">
      <Filter>Header Files</Filter>
    </ClInclude>
    <ClInclude Include="Scene\Transitions\FadeTransition.h">
      <Filter>Header Files</Filter>
    </ClInclude>
    <ClInclude Include="Scene\Transitions\NullTransition.h">
      <Filter>Header Files</Filter>
    </ClInclude>
    <ClInclude Include="Scene\ComponentId.h">
      <Filter>Header Files</Filter>
    </ClInclude>
    <ClInclude Include="Tile\TileMap.h">
      <Filter>Header Files</Filter>
    </ClInclude>
    <ClInclude Include="Util\Random.h">
      <Filter>Header Files</Filter>
    </ClInclude>
    <ClInclude Include="Effect\NullEffect.h">
      <Filter>Header Files</Filter>
    </ClInclude>
    <ClInclude Include="Effect\BasicEffect.h">
      <Filter>Header Files</Filter>
    </ClInclude>
    <ClInclude Include="Effect\FadeEffect.h">
      <Filter>Header Files</Filter>
    </ClInclude>
    <ClInclude Include="Entity\Entities\PlayerEntity.h">
      <Filter>Header Files</Filter>
    </ClInclude>
    <ClInclude Include="Resource\SpriteSheet.h">
      <Filter>Header Files</Filter>
    </ClInclude>
    <ClInclude Include="Entity\Shape.h">
      <Filter>Header Files</Filter>
    </ClInclude>
    <ClInclude Include="Entity\Modes\MoveMode.h">
      <Filter>Header Files</Filter>
    </ClInclude>
    <ClInclude Include="Enum\AnimationType.h">
      <Filter>Header Files</Filter>
    </ClInclude>
    <ClInclude Include="Entity\Entities\MoleEntity.h">
      <Filter>Header Files</Filter>
    </ClInclude>
    <ClInclude Include="Entity\Entities\StaticEntity.h">
      <Filter>Header Files</Filter>
    </ClInclude>
    <ClInclude Include="Entity\Id.h">
      <Filter>Header Files</Filter>
    </ClInclude>
    <ClInclude Include="Level\Camera.h">
      <Filter>Header Files</Filter>
    </ClInclude>
    <ClInclude Include="Level\Level.h">
      <Filter>Header Files</Filter>
    </ClInclude>
    <ClInclude Include="Entity\EntityManager.h">
      <Filter>Header Files</Filter>
    </ClInclude>
    <ClInclude Include="Entity\AttributeData.h">
      <Filter>Header Files</Filter>
    </ClInclude>
    <ClInclude Include="Enum\EntityType.h">
      <Filter>Header Files</Filter>
    </ClInclude>
    <ClInclude Include="Tile\TmxParser.h">
      <Filter>Header Files</Filter>
    </ClInclude>
    <ClInclude Include="Tile\TsxParser.h">
      <Filter>Header Files</Filter>
    </ClInclude>
    <ClInclude Include="Tile\TileMapReader.h">
      <Filter>Header Files</Filter>
    </ClInclude>
    <ClInclude Include="Tile\TileMapData.h">
      <Filter>Header Files</Filter>
    </ClInclude>
    <ClInclude Include="Entity\Factory.h">
      <Filter>Header Files</Filter>
    </ClInclude>
    <ClInclude Include="Platform\Error.h">
      <Filter>Header Files</Filter>
    </ClInclude>
    <ClInclude Include="Platform\SpecialFolder.h">
      <Filter>Header Files</Filter>
    </ClInclude>
    <ClInclude Include="Platform\Path.h">
      <Filter>Header Files</Filter>
    </ClInclude>
    <ClInclude Include="Folder.h">
      <Filter>Header Files</Filter>
    </ClInclude>
    <ClInclude Include="Platform\Result.h">
      <Filter>Header Files</Filter>
    </ClInclude>
    <ClInclude Include="UI\Title.h">
      <Filter>Header Files</Filter>
    </ClInclude>
    <ClInclude Include="Scene\Components\PreAlphaComponent.h">
      <Filter>Header Files</Filter>
    </ClInclude>
    <ClInclude Include="Logging.h">
      <Filter>Header Files</Filter>
    </ClInclude>
    <ClInclude Include="Entity\Attributes\TransformAttribute.h">
      <Filter>Header Files</Filter>
    </ClInclude>
    <ClInclude Include="Scene\Layer.h">
      <Filter>Header Files</Filter>
    </ClInclude>
    <ClInclude Include="Resource\SheetId.h">
      <Filter>Header Files</Filter>
    </ClInclude>
    <ClInclude Include="Resource\SheetData.h">
      <Filter>Header Files</Filter>
    </ClInclude>
    <ClInclude Include="Entity\AttributeStore.h">
      <Filter>Header Files</Filter>
    </ClInclude>
    <ClInclude Include="Entity\Modes\BasicMode.h">
      <Filter>Header Files</Filter>
    </ClInclude>
    <ClInclude Include="Entity\EntityService.h">
      <Filter>Header Files</Filter>
    </ClInclude>
    <ClInclude Include="Entity\Attributes\FaceDirectionAttribute.h">
      <Filter>Header Files</Filter>
    </ClInclude>
    <ClInclude Include="Resource\FrameHandler.h">
      <Filter>Header Files</Filter>
    </ClInclude>
    <ClInclude Include="Entity\Modes\AttackMode.h">
      <Filter>Header Files</Filter>
    </ClInclude>
    <ClInclude Include="Entity\Modes\AttackWeaponMode.h">
      <Filter>Header Files</Filter>
    </ClInclude>
    <ClInclude Include="Entity\Modes\IdleMode.h">
      <Filter>Header Files</Filter>
    </ClInclude>
    <ClInclude Include="Entity\Attributes\CameraAttribute.h">
      <Filter>Header Files</Filter>
    </ClInclude>
    <ClInclude Include="Level\CameraManager.h">
      <Filter>Header Files</Filter>
    </ClInclude>
    <ClInclude Include="Entity\Attributes\BasicAttribute.h">
      <Filter>Header Files</Filter>
    </ClInclude>
    <ClInclude Include="Entity\Attributes\VelocityAttribute.h">
      <Filter>Header Files</Filter>
    </ClInclude>
    <ClInclude Include="Entity\Modes\UninitializedMode.h">
      <Filter>Header Files</Filter>
    </ClInclude>
    <ClInclude Include="Entity\ModeController.h">
      <Filter>Header Files</Filter>
    </ClInclude>
    <ClInclude Include="Entity\ModeType.h">
      <Filter>Header Files</Filter>
    </ClInclude>
    <ClInclude Include="Entity\Events\BasicEvent.h">
      <Filter>Header Files</Filter>
    </ClInclude>
    <ClInclude Include="Entity\Events\StartMoveEvent.h">
      <Filter>Header Files</Filter>
    </ClInclude>
    <ClInclude Include="Entity\EventType.h">
      <Filter>Header Files</Filter>
    </ClInclude>
    <ClInclude Include="Entity\Action.h">
      <Filter>Header Files</Filter>
    </ClInclude>
    <ClInclude Include="Entity\Events\StopMoveEvent.h">
      <Filter>Header Files</Filter>
    </ClInclude>
    <ClInclude Include="Entity\Events\AttackEvent.h">
      <Filter>Header Files</Filter>
    </ClInclude>
    <ClInclude Include="Entity\Events\AttackWeapon.h">
      <Filter>Header Files</Filter>
    </ClInclude>
    <ClInclude Include="Entity\Events\CreateEvent.h">
      <Filter>Header Files</Filter>
    </ClInclude>
    <ClInclude Include="Entity\Events\InitEvent.h">
      <Filter>Header Files</Filter>
    </ClInclude>
    <ClInclude Include="Entity\Events\DestroyEvent.h">
      <Filter>Header Files</Filter>
    </ClInclude>
    <ClInclude Include="Resource\TextureManager.h">
      <Filter>Header Files</Filter>
    </ClInclude>
    <ClInclude Include="Resource\SheetManager.h">
      <Filter>Header Files</Filter>
    </ClInclude>
    <ClInclude Include="Resource\Image.h">
      <Filter>Header Files</Filter>
    </ClInclude>
    <ClInclude Include="Entity\SpawnManager.h">
      <Filter>Header Files</Filter>
    </ClInclude>
    <ClInclude Include="Entity\Entities\ArrowEntity.h">
      <Filter>Header Files</Filter>
    </ClInclude>
    <ClInclude Include="Constant\Entity.h">
      <Filter>Header Files</Filter>
    </ClInclude>
    <ClInclude Include="Tile\BasicTileSet.h">
      <Filter>Header Files</Filter>
    </ClInclude>
    <ClInclude Include="Tile\GridTileSet.h">
      <Filter>Header Files</Filter>
    </ClInclude>
    <ClInclude Include="Tile\ImageTileSet.h">
      <Filter>Header Files</Filter>
    </ClInclude>
    <ClInclude Include="Resource\Frame.h">
      <Filter>Header Files</Filter>
    </ClInclude>
    <ClInclude Include="Tile\FrameData.h">
      <Filter>Header Files</Filter>
    </ClInclude>
  </ItemGroup>
</Project>